
Microsoft Visual Studio Solution File, Format Version 12.00
# Visual Studio 15
VisualStudioVersion = 15.0.26430.12
MinimumVisualStudioVersion = 10.0.40219.1
Project("{FAE04EC0-301F-11D3-BF4B-00C04F79EFBC}") = "WpfApp", "WpfApp\WpfApp.csproj", "{5D7A3C49-8B5C-45FD-8F96-BFDB13CA9328}"
EndProject
Project("{FAE04EC0-301F-11D3-BF4B-00C04F79EFBC}") = "OmniGui", "OmniGui\OmniGui.csproj", "{4F0F11A7-EFFC-4384-98EC-51C6E1FC90B2}"
EndProject
Project("{2150E333-8FDC-42A3-9474-1A3956D46DE8}") = "OmniXaml", "OmniXaml", "{1A918918-74FD-45DF-BC4D-61C8ECE6268C}"
EndProject
Project("{9A19103F-16F7-4668-BE54-9A1E7A4F7556}") = "OmniXaml", "OmniXAML\OmniXaml\OmniXaml.csproj", "{74503677-D755-47D7-A56C-4FC7C6FA1F7D}"
EndProject
Project("{9A19103F-16F7-4668-BE54-9A1E7A4F7556}") = "OmniXaml.Attributes", "OmniXAML\OmniXaml.Attributes\OmniXaml.Attributes.csproj", "{987B8746-B2A9-4A84-BBA5-482FFCC6399E}"
EndProject
Project("{9A19103F-16F7-4668-BE54-9A1E7A4F7556}") = "OmniXaml.Services", "OmniXAML\OmniXaml.Services\OmniXaml.Services.csproj", "{B9A9C91A-8266-4738-8C54-D4B3955E5DF8}"
EndProject
Project("{FAE04EC0-301F-11D3-BF4B-00C04F79EFBC}") = "OmniGui.Xaml", "OmniGui.Xaml\OmniGui.Xaml.csproj", "{FF6D5507-1F7C-4161-B5CB-36FA484BBEE9}"
EndProject
Project("{FAE04EC0-301F-11D3-BF4B-00C04F79EFBC}") = "OmniGui.Wpf", "OmniGui.Wpf\OmniGui.Wpf.csproj", "{8DF3CF78-57C9-4A80-9FC5-249466573267}"
EndProject
Project("{FAE04EC0-301F-11D3-BF4B-00C04F79EFBC}") = "OmniGui.Console", "OmniGui.Console\OmniGui.Console.csproj", "{65127FA4-29EA-4607-8230-64D856AAB758}"
EndProject
Project("{2150E333-8FDC-42A3-9474-1A3956D46DE8}") = "Zafiro", "Zafiro", "{0AC338D8-7A69-4230-9F4F-2E9D3358E16D}"
EndProject
Project("{9A19103F-16F7-4668-BE54-9A1E7A4F7556}") = "Zafiro.Core", "Zafiro\Zafiro.Core\Zafiro.Core.csproj", "{1D971911-3C12-461D-8B96-C4E631EC1B7C}"
EndProject
Project("{9A19103F-16F7-4668-BE54-9A1E7A4F7556}") = "Zafiro.PropertySystem", "Zafiro\Zafiro.PropertySystem\Zafiro.PropertySystem.csproj", "{E9A9DCFF-5B62-4F12-ABC7-148E384FF805}"
EndProject
Project("{9A19103F-16F7-4668-BE54-9A1E7A4F7556}") = "Zafiro.Core", "OmniXAML\Zafiro\Zafiro.Core\Zafiro.Core.csproj", "{DD5C9C3C-23AA-4DE7-BA5D-A89967826E4B}"
EndProject
Project("{FAE04EC0-301F-11D3-BF4B-00C04F79EFBC}") = "UwpApp", "UwpApp\UwpApp.csproj", "{65AE9593-E908-4C66-85B5-277E31DACCE0}"
EndProject
Project("{FAE04EC0-301F-11D3-BF4B-00C04F79EFBC}") = "AndroidApp", "AndroidApp\AndroidApp.csproj", "{0785AECE-5C70-4891-86D1-E76D9DC55661}"
EndProject
Project("{FAE04EC0-301F-11D3-BF4B-00C04F79EFBC}") = "Common", "ViewModels\Common.csproj", "{ABAA0062-BCF8-456B-A70F-8D2D52C785E7}"
EndProject
Project("{2150E333-8FDC-42A3-9474-1A3956D46DE8}") = "Test Apps", "Test Apps", "{778E2587-8C58-49FF-B6F0-F9201F5F22FC}"
EndProject
Project("{FAE04EC0-301F-11D3-BF4B-00C04F79EFBC}") = "OmniGui.Xaml.Tests", "OmniGui.Xaml.Tests\OmniGui.Xaml.Tests.csproj", "{44F57BCE-C9D5-4B9A-AB74-A2B79CBE7F9D}"
EndProject
Project("{9A19103F-16F7-4668-BE54-9A1E7A4F7556}") = "OmniGui.Tests", "OmniGui.Tests\OmniGui.Tests.csproj", "{54EDBA0A-7CC8-4833-9FBE-E2114F3FEE90}"
EndProject
Global
	GlobalSection(SolutionConfigurationPlatforms) = preSolution
		Debug|Any CPU = Debug|Any CPU
		Debug|ARM = Debug|ARM
		Debug|x64 = Debug|x64
		Debug|x86 = Debug|x86
		Release|Any CPU = Release|Any CPU
		Release|ARM = Release|ARM
		Release|x64 = Release|x64
		Release|x86 = Release|x86
	EndGlobalSection
	GlobalSection(ProjectConfigurationPlatforms) = postSolution
		{5D7A3C49-8B5C-45FD-8F96-BFDB13CA9328}.Debug|Any CPU.ActiveCfg = Debug|Any CPU
		{5D7A3C49-8B5C-45FD-8F96-BFDB13CA9328}.Debug|Any CPU.Build.0 = Debug|Any CPU
		{5D7A3C49-8B5C-45FD-8F96-BFDB13CA9328}.Debug|ARM.ActiveCfg = Debug|Any CPU
		{5D7A3C49-8B5C-45FD-8F96-BFDB13CA9328}.Debug|ARM.Build.0 = Debug|Any CPU
		{5D7A3C49-8B5C-45FD-8F96-BFDB13CA9328}.Debug|x64.ActiveCfg = Debug|Any CPU
		{5D7A3C49-8B5C-45FD-8F96-BFDB13CA9328}.Debug|x64.Build.0 = Debug|Any CPU
		{5D7A3C49-8B5C-45FD-8F96-BFDB13CA9328}.Debug|x86.ActiveCfg = Debug|Any CPU
		{5D7A3C49-8B5C-45FD-8F96-BFDB13CA9328}.Debug|x86.Build.0 = Debug|Any CPU
		{5D7A3C49-8B5C-45FD-8F96-BFDB13CA9328}.Release|Any CPU.ActiveCfg = Release|Any CPU
		{5D7A3C49-8B5C-45FD-8F96-BFDB13CA9328}.Release|Any CPU.Build.0 = Release|Any CPU
		{5D7A3C49-8B5C-45FD-8F96-BFDB13CA9328}.Release|ARM.ActiveCfg = Release|Any CPU
		{5D7A3C49-8B5C-45FD-8F96-BFDB13CA9328}.Release|ARM.Build.0 = Release|Any CPU
		{5D7A3C49-8B5C-45FD-8F96-BFDB13CA9328}.Release|x64.ActiveCfg = Release|Any CPU
		{5D7A3C49-8B5C-45FD-8F96-BFDB13CA9328}.Release|x64.Build.0 = Release|Any CPU
		{5D7A3C49-8B5C-45FD-8F96-BFDB13CA9328}.Release|x86.ActiveCfg = Release|Any CPU
		{5D7A3C49-8B5C-45FD-8F96-BFDB13CA9328}.Release|x86.Build.0 = Release|Any CPU
		{4F0F11A7-EFFC-4384-98EC-51C6E1FC90B2}.Debug|Any CPU.ActiveCfg = Debug|Any CPU
		{4F0F11A7-EFFC-4384-98EC-51C6E1FC90B2}.Debug|Any CPU.Build.0 = Debug|Any CPU
		{4F0F11A7-EFFC-4384-98EC-51C6E1FC90B2}.Debug|ARM.ActiveCfg = Debug|Any CPU
		{4F0F11A7-EFFC-4384-98EC-51C6E1FC90B2}.Debug|ARM.Build.0 = Debug|Any CPU
		{4F0F11A7-EFFC-4384-98EC-51C6E1FC90B2}.Debug|x64.ActiveCfg = Debug|Any CPU
		{4F0F11A7-EFFC-4384-98EC-51C6E1FC90B2}.Debug|x64.Build.0 = Debug|Any CPU
		{4F0F11A7-EFFC-4384-98EC-51C6E1FC90B2}.Debug|x86.ActiveCfg = Debug|Any CPU
		{4F0F11A7-EFFC-4384-98EC-51C6E1FC90B2}.Debug|x86.Build.0 = Debug|Any CPU
		{4F0F11A7-EFFC-4384-98EC-51C6E1FC90B2}.Release|Any CPU.ActiveCfg = Release|Any CPU
		{4F0F11A7-EFFC-4384-98EC-51C6E1FC90B2}.Release|Any CPU.Build.0 = Release|Any CPU
		{4F0F11A7-EFFC-4384-98EC-51C6E1FC90B2}.Release|ARM.ActiveCfg = Release|Any CPU
		{4F0F11A7-EFFC-4384-98EC-51C6E1FC90B2}.Release|ARM.Build.0 = Release|Any CPU
		{4F0F11A7-EFFC-4384-98EC-51C6E1FC90B2}.Release|x64.ActiveCfg = Release|Any CPU
		{4F0F11A7-EFFC-4384-98EC-51C6E1FC90B2}.Release|x64.Build.0 = Release|Any CPU
		{4F0F11A7-EFFC-4384-98EC-51C6E1FC90B2}.Release|x86.ActiveCfg = Release|Any CPU
		{4F0F11A7-EFFC-4384-98EC-51C6E1FC90B2}.Release|x86.Build.0 = Release|Any CPU
		{74503677-D755-47D7-A56C-4FC7C6FA1F7D}.Debug|Any CPU.ActiveCfg = Debug|Any CPU
		{74503677-D755-47D7-A56C-4FC7C6FA1F7D}.Debug|Any CPU.Build.0 = Debug|Any CPU
		{74503677-D755-47D7-A56C-4FC7C6FA1F7D}.Debug|ARM.ActiveCfg = Debug|Any CPU
		{74503677-D755-47D7-A56C-4FC7C6FA1F7D}.Debug|ARM.Build.0 = Debug|Any CPU
		{74503677-D755-47D7-A56C-4FC7C6FA1F7D}.Debug|x64.ActiveCfg = Debug|Any CPU
		{74503677-D755-47D7-A56C-4FC7C6FA1F7D}.Debug|x64.Build.0 = Debug|Any CPU
		{74503677-D755-47D7-A56C-4FC7C6FA1F7D}.Debug|x86.ActiveCfg = Debug|Any CPU
		{74503677-D755-47D7-A56C-4FC7C6FA1F7D}.Debug|x86.Build.0 = Debug|Any CPU
		{74503677-D755-47D7-A56C-4FC7C6FA1F7D}.Release|Any CPU.ActiveCfg = Release|Any CPU
		{74503677-D755-47D7-A56C-4FC7C6FA1F7D}.Release|Any CPU.Build.0 = Release|Any CPU
		{74503677-D755-47D7-A56C-4FC7C6FA1F7D}.Release|ARM.ActiveCfg = Release|Any CPU
		{74503677-D755-47D7-A56C-4FC7C6FA1F7D}.Release|ARM.Build.0 = Release|Any CPU
		{74503677-D755-47D7-A56C-4FC7C6FA1F7D}.Release|x64.ActiveCfg = Release|Any CPU
		{74503677-D755-47D7-A56C-4FC7C6FA1F7D}.Release|x64.Build.0 = Release|Any CPU
		{74503677-D755-47D7-A56C-4FC7C6FA1F7D}.Release|x86.ActiveCfg = Release|Any CPU
		{74503677-D755-47D7-A56C-4FC7C6FA1F7D}.Release|x86.Build.0 = Release|Any CPU
		{987B8746-B2A9-4A84-BBA5-482FFCC6399E}.Debug|Any CPU.ActiveCfg = Debug|Any CPU
		{987B8746-B2A9-4A84-BBA5-482FFCC6399E}.Debug|Any CPU.Build.0 = Debug|Any CPU
		{987B8746-B2A9-4A84-BBA5-482FFCC6399E}.Debug|ARM.ActiveCfg = Debug|Any CPU
		{987B8746-B2A9-4A84-BBA5-482FFCC6399E}.Debug|ARM.Build.0 = Debug|Any CPU
		{987B8746-B2A9-4A84-BBA5-482FFCC6399E}.Debug|x64.ActiveCfg = Debug|Any CPU
		{987B8746-B2A9-4A84-BBA5-482FFCC6399E}.Debug|x64.Build.0 = Debug|Any CPU
		{987B8746-B2A9-4A84-BBA5-482FFCC6399E}.Debug|x86.ActiveCfg = Debug|Any CPU
		{987B8746-B2A9-4A84-BBA5-482FFCC6399E}.Debug|x86.Build.0 = Debug|Any CPU
		{987B8746-B2A9-4A84-BBA5-482FFCC6399E}.Release|Any CPU.ActiveCfg = Release|Any CPU
		{987B8746-B2A9-4A84-BBA5-482FFCC6399E}.Release|Any CPU.Build.0 = Release|Any CPU
		{987B8746-B2A9-4A84-BBA5-482FFCC6399E}.Release|ARM.ActiveCfg = Release|Any CPU
		{987B8746-B2A9-4A84-BBA5-482FFCC6399E}.Release|ARM.Build.0 = Release|Any CPU
		{987B8746-B2A9-4A84-BBA5-482FFCC6399E}.Release|x64.ActiveCfg = Release|Any CPU
		{987B8746-B2A9-4A84-BBA5-482FFCC6399E}.Release|x64.Build.0 = Release|Any CPU
		{987B8746-B2A9-4A84-BBA5-482FFCC6399E}.Release|x86.ActiveCfg = Release|Any CPU
		{987B8746-B2A9-4A84-BBA5-482FFCC6399E}.Release|x86.Build.0 = Release|Any CPU
		{B9A9C91A-8266-4738-8C54-D4B3955E5DF8}.Debug|Any CPU.ActiveCfg = Debug|Any CPU
		{B9A9C91A-8266-4738-8C54-D4B3955E5DF8}.Debug|Any CPU.Build.0 = Debug|Any CPU
		{B9A9C91A-8266-4738-8C54-D4B3955E5DF8}.Debug|ARM.ActiveCfg = Debug|Any CPU
		{B9A9C91A-8266-4738-8C54-D4B3955E5DF8}.Debug|ARM.Build.0 = Debug|Any CPU
		{B9A9C91A-8266-4738-8C54-D4B3955E5DF8}.Debug|x64.ActiveCfg = Debug|Any CPU
		{B9A9C91A-8266-4738-8C54-D4B3955E5DF8}.Debug|x64.Build.0 = Debug|Any CPU
		{B9A9C91A-8266-4738-8C54-D4B3955E5DF8}.Debug|x86.ActiveCfg = Debug|Any CPU
		{B9A9C91A-8266-4738-8C54-D4B3955E5DF8}.Debug|x86.Build.0 = Debug|Any CPU
		{B9A9C91A-8266-4738-8C54-D4B3955E5DF8}.Release|Any CPU.ActiveCfg = Release|Any CPU
		{B9A9C91A-8266-4738-8C54-D4B3955E5DF8}.Release|Any CPU.Build.0 = Release|Any CPU
		{B9A9C91A-8266-4738-8C54-D4B3955E5DF8}.Release|ARM.ActiveCfg = Release|Any CPU
		{B9A9C91A-8266-4738-8C54-D4B3955E5DF8}.Release|ARM.Build.0 = Release|Any CPU
		{B9A9C91A-8266-4738-8C54-D4B3955E5DF8}.Release|x64.ActiveCfg = Release|Any CPU
		{B9A9C91A-8266-4738-8C54-D4B3955E5DF8}.Release|x64.Build.0 = Release|Any CPU
		{B9A9C91A-8266-4738-8C54-D4B3955E5DF8}.Release|x86.ActiveCfg = Release|Any CPU
		{B9A9C91A-8266-4738-8C54-D4B3955E5DF8}.Release|x86.Build.0 = Release|Any CPU
		{FF6D5507-1F7C-4161-B5CB-36FA484BBEE9}.Debug|Any CPU.ActiveCfg = Debug|Any CPU
		{FF6D5507-1F7C-4161-B5CB-36FA484BBEE9}.Debug|Any CPU.Build.0 = Debug|Any CPU
		{FF6D5507-1F7C-4161-B5CB-36FA484BBEE9}.Debug|ARM.ActiveCfg = Debug|Any CPU
		{FF6D5507-1F7C-4161-B5CB-36FA484BBEE9}.Debug|ARM.Build.0 = Debug|Any CPU
		{FF6D5507-1F7C-4161-B5CB-36FA484BBEE9}.Debug|x64.ActiveCfg = Debug|Any CPU
		{FF6D5507-1F7C-4161-B5CB-36FA484BBEE9}.Debug|x64.Build.0 = Debug|Any CPU
		{FF6D5507-1F7C-4161-B5CB-36FA484BBEE9}.Debug|x86.ActiveCfg = Debug|Any CPU
		{FF6D5507-1F7C-4161-B5CB-36FA484BBEE9}.Debug|x86.Build.0 = Debug|Any CPU
		{FF6D5507-1F7C-4161-B5CB-36FA484BBEE9}.Release|Any CPU.ActiveCfg = Release|Any CPU
		{FF6D5507-1F7C-4161-B5CB-36FA484BBEE9}.Release|Any CPU.Build.0 = Release|Any CPU
		{FF6D5507-1F7C-4161-B5CB-36FA484BBEE9}.Release|ARM.ActiveCfg = Release|Any CPU
		{FF6D5507-1F7C-4161-B5CB-36FA484BBEE9}.Release|ARM.Build.0 = Release|Any CPU
		{FF6D5507-1F7C-4161-B5CB-36FA484BBEE9}.Release|x64.ActiveCfg = Release|Any CPU
		{FF6D5507-1F7C-4161-B5CB-36FA484BBEE9}.Release|x64.Build.0 = Release|Any CPU
		{FF6D5507-1F7C-4161-B5CB-36FA484BBEE9}.Release|x86.ActiveCfg = Release|Any CPU
		{FF6D5507-1F7C-4161-B5CB-36FA484BBEE9}.Release|x86.Build.0 = Release|Any CPU
		{8DF3CF78-57C9-4A80-9FC5-249466573267}.Debug|Any CPU.ActiveCfg = Debug|Any CPU
		{8DF3CF78-57C9-4A80-9FC5-249466573267}.Debug|Any CPU.Build.0 = Debug|Any CPU
		{8DF3CF78-57C9-4A80-9FC5-249466573267}.Debug|ARM.ActiveCfg = Debug|Any CPU
		{8DF3CF78-57C9-4A80-9FC5-249466573267}.Debug|ARM.Build.0 = Debug|Any CPU
		{8DF3CF78-57C9-4A80-9FC5-249466573267}.Debug|x64.ActiveCfg = Debug|Any CPU
		{8DF3CF78-57C9-4A80-9FC5-249466573267}.Debug|x64.Build.0 = Debug|Any CPU
		{8DF3CF78-57C9-4A80-9FC5-249466573267}.Debug|x86.ActiveCfg = Debug|Any CPU
		{8DF3CF78-57C9-4A80-9FC5-249466573267}.Debug|x86.Build.0 = Debug|Any CPU
		{8DF3CF78-57C9-4A80-9FC5-249466573267}.Release|Any CPU.ActiveCfg = Release|Any CPU
		{8DF3CF78-57C9-4A80-9FC5-249466573267}.Release|Any CPU.Build.0 = Release|Any CPU
		{8DF3CF78-57C9-4A80-9FC5-249466573267}.Release|ARM.ActiveCfg = Release|Any CPU
		{8DF3CF78-57C9-4A80-9FC5-249466573267}.Release|ARM.Build.0 = Release|Any CPU
		{8DF3CF78-57C9-4A80-9FC5-249466573267}.Release|x64.ActiveCfg = Release|Any CPU
		{8DF3CF78-57C9-4A80-9FC5-249466573267}.Release|x64.Build.0 = Release|Any CPU
		{8DF3CF78-57C9-4A80-9FC5-249466573267}.Release|x86.ActiveCfg = Release|Any CPU
		{8DF3CF78-57C9-4A80-9FC5-249466573267}.Release|x86.Build.0 = Release|Any CPU
		{65127FA4-29EA-4607-8230-64D856AAB758}.Debug|Any CPU.ActiveCfg = Debug|Any CPU
		{65127FA4-29EA-4607-8230-64D856AAB758}.Debug|Any CPU.Build.0 = Debug|Any CPU
		{65127FA4-29EA-4607-8230-64D856AAB758}.Debug|ARM.ActiveCfg = Debug|Any CPU
		{65127FA4-29EA-4607-8230-64D856AAB758}.Debug|ARM.Build.0 = Debug|Any CPU
		{65127FA4-29EA-4607-8230-64D856AAB758}.Debug|x64.ActiveCfg = Debug|Any CPU
		{65127FA4-29EA-4607-8230-64D856AAB758}.Debug|x64.Build.0 = Debug|Any CPU
		{65127FA4-29EA-4607-8230-64D856AAB758}.Debug|x86.ActiveCfg = Debug|Any CPU
		{65127FA4-29EA-4607-8230-64D856AAB758}.Debug|x86.Build.0 = Debug|Any CPU
		{65127FA4-29EA-4607-8230-64D856AAB758}.Release|Any CPU.ActiveCfg = Release|Any CPU
		{65127FA4-29EA-4607-8230-64D856AAB758}.Release|Any CPU.Build.0 = Release|Any CPU
		{65127FA4-29EA-4607-8230-64D856AAB758}.Release|ARM.ActiveCfg = Release|Any CPU
		{65127FA4-29EA-4607-8230-64D856AAB758}.Release|ARM.Build.0 = Release|Any CPU
		{65127FA4-29EA-4607-8230-64D856AAB758}.Release|x64.ActiveCfg = Release|Any CPU
		{65127FA4-29EA-4607-8230-64D856AAB758}.Release|x64.Build.0 = Release|Any CPU
		{65127FA4-29EA-4607-8230-64D856AAB758}.Release|x86.ActiveCfg = Release|Any CPU
		{65127FA4-29EA-4607-8230-64D856AAB758}.Release|x86.Build.0 = Release|Any CPU
		{1D971911-3C12-461D-8B96-C4E631EC1B7C}.Debug|Any CPU.ActiveCfg = Debug|Any CPU
		{1D971911-3C12-461D-8B96-C4E631EC1B7C}.Debug|Any CPU.Build.0 = Debug|Any CPU
		{1D971911-3C12-461D-8B96-C4E631EC1B7C}.Debug|ARM.ActiveCfg = Debug|Any CPU
		{1D971911-3C12-461D-8B96-C4E631EC1B7C}.Debug|ARM.Build.0 = Debug|Any CPU
		{1D971911-3C12-461D-8B96-C4E631EC1B7C}.Debug|x64.ActiveCfg = Debug|Any CPU
		{1D971911-3C12-461D-8B96-C4E631EC1B7C}.Debug|x64.Build.0 = Debug|Any CPU
		{1D971911-3C12-461D-8B96-C4E631EC1B7C}.Debug|x86.ActiveCfg = Debug|Any CPU
		{1D971911-3C12-461D-8B96-C4E631EC1B7C}.Debug|x86.Build.0 = Debug|Any CPU
		{1D971911-3C12-461D-8B96-C4E631EC1B7C}.Release|Any CPU.ActiveCfg = Release|Any CPU
		{1D971911-3C12-461D-8B96-C4E631EC1B7C}.Release|Any CPU.Build.0 = Release|Any CPU
		{1D971911-3C12-461D-8B96-C4E631EC1B7C}.Release|ARM.ActiveCfg = Release|Any CPU
		{1D971911-3C12-461D-8B96-C4E631EC1B7C}.Release|ARM.Build.0 = Release|Any CPU
		{1D971911-3C12-461D-8B96-C4E631EC1B7C}.Release|x64.ActiveCfg = Release|Any CPU
		{1D971911-3C12-461D-8B96-C4E631EC1B7C}.Release|x64.Build.0 = Release|Any CPU
		{1D971911-3C12-461D-8B96-C4E631EC1B7C}.Release|x86.ActiveCfg = Release|Any CPU
		{1D971911-3C12-461D-8B96-C4E631EC1B7C}.Release|x86.Build.0 = Release|Any CPU
		{E9A9DCFF-5B62-4F12-ABC7-148E384FF805}.Debug|Any CPU.ActiveCfg = Debug|Any CPU
		{E9A9DCFF-5B62-4F12-ABC7-148E384FF805}.Debug|Any CPU.Build.0 = Debug|Any CPU
		{E9A9DCFF-5B62-4F12-ABC7-148E384FF805}.Debug|ARM.ActiveCfg = Debug|Any CPU
		{E9A9DCFF-5B62-4F12-ABC7-148E384FF805}.Debug|ARM.Build.0 = Debug|Any CPU
		{E9A9DCFF-5B62-4F12-ABC7-148E384FF805}.Debug|x64.ActiveCfg = Debug|Any CPU
		{E9A9DCFF-5B62-4F12-ABC7-148E384FF805}.Debug|x64.Build.0 = Debug|Any CPU
		{E9A9DCFF-5B62-4F12-ABC7-148E384FF805}.Debug|x86.ActiveCfg = Debug|Any CPU
		{E9A9DCFF-5B62-4F12-ABC7-148E384FF805}.Debug|x86.Build.0 = Debug|Any CPU
		{E9A9DCFF-5B62-4F12-ABC7-148E384FF805}.Release|Any CPU.ActiveCfg = Release|Any CPU
		{E9A9DCFF-5B62-4F12-ABC7-148E384FF805}.Release|Any CPU.Build.0 = Release|Any CPU
		{E9A9DCFF-5B62-4F12-ABC7-148E384FF805}.Release|ARM.ActiveCfg = Release|Any CPU
		{E9A9DCFF-5B62-4F12-ABC7-148E384FF805}.Release|ARM.Build.0 = Release|Any CPU
		{E9A9DCFF-5B62-4F12-ABC7-148E384FF805}.Release|x64.ActiveCfg = Release|Any CPU
		{E9A9DCFF-5B62-4F12-ABC7-148E384FF805}.Release|x64.Build.0 = Release|Any CPU
		{E9A9DCFF-5B62-4F12-ABC7-148E384FF805}.Release|x86.ActiveCfg = Release|Any CPU
		{E9A9DCFF-5B62-4F12-ABC7-148E384FF805}.Release|x86.Build.0 = Release|Any CPU
		{DD5C9C3C-23AA-4DE7-BA5D-A89967826E4B}.Debug|Any CPU.ActiveCfg = Debug|Any CPU
		{DD5C9C3C-23AA-4DE7-BA5D-A89967826E4B}.Debug|Any CPU.Build.0 = Debug|Any CPU
		{DD5C9C3C-23AA-4DE7-BA5D-A89967826E4B}.Debug|ARM.ActiveCfg = Debug|Any CPU
		{DD5C9C3C-23AA-4DE7-BA5D-A89967826E4B}.Debug|ARM.Build.0 = Debug|Any CPU
		{DD5C9C3C-23AA-4DE7-BA5D-A89967826E4B}.Debug|x64.ActiveCfg = Debug|Any CPU
		{DD5C9C3C-23AA-4DE7-BA5D-A89967826E4B}.Debug|x64.Build.0 = Debug|Any CPU
		{DD5C9C3C-23AA-4DE7-BA5D-A89967826E4B}.Debug|x86.ActiveCfg = Debug|Any CPU
		{DD5C9C3C-23AA-4DE7-BA5D-A89967826E4B}.Debug|x86.Build.0 = Debug|Any CPU
		{DD5C9C3C-23AA-4DE7-BA5D-A89967826E4B}.Release|Any CPU.ActiveCfg = Release|Any CPU
		{DD5C9C3C-23AA-4DE7-BA5D-A89967826E4B}.Release|Any CPU.Build.0 = Release|Any CPU
		{DD5C9C3C-23AA-4DE7-BA5D-A89967826E4B}.Release|ARM.ActiveCfg = Release|Any CPU
		{DD5C9C3C-23AA-4DE7-BA5D-A89967826E4B}.Release|ARM.Build.0 = Release|Any CPU
		{DD5C9C3C-23AA-4DE7-BA5D-A89967826E4B}.Release|x64.ActiveCfg = Release|Any CPU
		{DD5C9C3C-23AA-4DE7-BA5D-A89967826E4B}.Release|x64.Build.0 = Release|Any CPU
		{DD5C9C3C-23AA-4DE7-BA5D-A89967826E4B}.Release|x86.ActiveCfg = Release|Any CPU
		{DD5C9C3C-23AA-4DE7-BA5D-A89967826E4B}.Release|x86.Build.0 = Release|Any CPU
		{65AE9593-E908-4C66-85B5-277E31DACCE0}.Debug|Any CPU.ActiveCfg = Debug|x86
		{65AE9593-E908-4C66-85B5-277E31DACCE0}.Debug|Any CPU.Build.0 = Debug|x86
		{65AE9593-E908-4C66-85B5-277E31DACCE0}.Debug|Any CPU.Deploy.0 = Debug|x86
		{65AE9593-E908-4C66-85B5-277E31DACCE0}.Debug|ARM.ActiveCfg = Debug|ARM
		{65AE9593-E908-4C66-85B5-277E31DACCE0}.Debug|ARM.Build.0 = Debug|ARM
		{65AE9593-E908-4C66-85B5-277E31DACCE0}.Debug|ARM.Deploy.0 = Debug|ARM
		{65AE9593-E908-4C66-85B5-277E31DACCE0}.Debug|x64.ActiveCfg = Debug|x64
		{65AE9593-E908-4C66-85B5-277E31DACCE0}.Debug|x64.Build.0 = Debug|x64
		{65AE9593-E908-4C66-85B5-277E31DACCE0}.Debug|x64.Deploy.0 = Debug|x64
		{65AE9593-E908-4C66-85B5-277E31DACCE0}.Debug|x86.ActiveCfg = Debug|x86
		{65AE9593-E908-4C66-85B5-277E31DACCE0}.Debug|x86.Build.0 = Debug|x86
		{65AE9593-E908-4C66-85B5-277E31DACCE0}.Debug|x86.Deploy.0 = Debug|x86
		{65AE9593-E908-4C66-85B5-277E31DACCE0}.Release|Any CPU.ActiveCfg = Release|x86
		{65AE9593-E908-4C66-85B5-277E31DACCE0}.Release|ARM.ActiveCfg = Release|ARM
		{65AE9593-E908-4C66-85B5-277E31DACCE0}.Release|ARM.Build.0 = Release|ARM
		{65AE9593-E908-4C66-85B5-277E31DACCE0}.Release|ARM.Deploy.0 = Release|ARM
		{65AE9593-E908-4C66-85B5-277E31DACCE0}.Release|x64.ActiveCfg = Release|x64
		{65AE9593-E908-4C66-85B5-277E31DACCE0}.Release|x64.Build.0 = Release|x64
		{65AE9593-E908-4C66-85B5-277E31DACCE0}.Release|x64.Deploy.0 = Release|x64
		{65AE9593-E908-4C66-85B5-277E31DACCE0}.Release|x86.ActiveCfg = Release|x86
		{65AE9593-E908-4C66-85B5-277E31DACCE0}.Release|x86.Build.0 = Release|x86
		{65AE9593-E908-4C66-85B5-277E31DACCE0}.Release|x86.Deploy.0 = Release|x86
		{0785AECE-5C70-4891-86D1-E76D9DC55661}.Debug|Any CPU.ActiveCfg = Debug|Any CPU
		{0785AECE-5C70-4891-86D1-E76D9DC55661}.Debug|Any CPU.Build.0 = Debug|Any CPU
		{0785AECE-5C70-4891-86D1-E76D9DC55661}.Debug|Any CPU.Deploy.0 = Debug|Any CPU
		{0785AECE-5C70-4891-86D1-E76D9DC55661}.Debug|ARM.ActiveCfg = Debug|Any CPU
		{0785AECE-5C70-4891-86D1-E76D9DC55661}.Debug|ARM.Build.0 = Debug|Any CPU
		{0785AECE-5C70-4891-86D1-E76D9DC55661}.Debug|ARM.Deploy.0 = Debug|Any CPU
		{0785AECE-5C70-4891-86D1-E76D9DC55661}.Debug|x64.ActiveCfg = Debug|Any CPU
		{0785AECE-5C70-4891-86D1-E76D9DC55661}.Debug|x64.Build.0 = Debug|Any CPU
		{0785AECE-5C70-4891-86D1-E76D9DC55661}.Debug|x64.Deploy.0 = Debug|Any CPU
		{0785AECE-5C70-4891-86D1-E76D9DC55661}.Debug|x86.ActiveCfg = Debug|Any CPU
		{0785AECE-5C70-4891-86D1-E76D9DC55661}.Debug|x86.Build.0 = Debug|Any CPU
		{0785AECE-5C70-4891-86D1-E76D9DC55661}.Debug|x86.Deploy.0 = Debug|Any CPU
		{0785AECE-5C70-4891-86D1-E76D9DC55661}.Release|Any CPU.ActiveCfg = Release|Any CPU
		{0785AECE-5C70-4891-86D1-E76D9DC55661}.Release|Any CPU.Build.0 = Release|Any CPU
		{0785AECE-5C70-4891-86D1-E76D9DC55661}.Release|Any CPU.Deploy.0 = Release|Any CPU
		{0785AECE-5C70-4891-86D1-E76D9DC55661}.Release|ARM.ActiveCfg = Release|Any CPU
		{0785AECE-5C70-4891-86D1-E76D9DC55661}.Release|ARM.Build.0 = Release|Any CPU
		{0785AECE-5C70-4891-86D1-E76D9DC55661}.Release|ARM.Deploy.0 = Release|Any CPU
		{0785AECE-5C70-4891-86D1-E76D9DC55661}.Release|x64.ActiveCfg = Release|Any CPU
		{0785AECE-5C70-4891-86D1-E76D9DC55661}.Release|x64.Build.0 = Release|Any CPU
		{0785AECE-5C70-4891-86D1-E76D9DC55661}.Release|x64.Deploy.0 = Release|Any CPU
		{0785AECE-5C70-4891-86D1-E76D9DC55661}.Release|x86.ActiveCfg = Release|Any CPU
		{0785AECE-5C70-4891-86D1-E76D9DC55661}.Release|x86.Build.0 = Release|Any CPU
		{0785AECE-5C70-4891-86D1-E76D9DC55661}.Release|x86.Deploy.0 = Release|Any CPU
		{ABAA0062-BCF8-456B-A70F-8D2D52C785E7}.Debug|Any CPU.ActiveCfg = Debug|Any CPU
		{ABAA0062-BCF8-456B-A70F-8D2D52C785E7}.Debug|Any CPU.Build.0 = Debug|Any CPU
		{ABAA0062-BCF8-456B-A70F-8D2D52C785E7}.Debug|ARM.ActiveCfg = Debug|Any CPU
		{ABAA0062-BCF8-456B-A70F-8D2D52C785E7}.Debug|ARM.Build.0 = Debug|Any CPU
		{ABAA0062-BCF8-456B-A70F-8D2D52C785E7}.Debug|x64.ActiveCfg = Debug|Any CPU
		{ABAA0062-BCF8-456B-A70F-8D2D52C785E7}.Debug|x64.Build.0 = Debug|Any CPU
		{ABAA0062-BCF8-456B-A70F-8D2D52C785E7}.Debug|x86.ActiveCfg = Debug|Any CPU
		{ABAA0062-BCF8-456B-A70F-8D2D52C785E7}.Debug|x86.Build.0 = Debug|Any CPU
		{ABAA0062-BCF8-456B-A70F-8D2D52C785E7}.Release|Any CPU.ActiveCfg = Release|Any CPU
		{ABAA0062-BCF8-456B-A70F-8D2D52C785E7}.Release|Any CPU.Build.0 = Release|Any CPU
		{ABAA0062-BCF8-456B-A70F-8D2D52C785E7}.Release|ARM.ActiveCfg = Release|Any CPU
		{ABAA0062-BCF8-456B-A70F-8D2D52C785E7}.Release|ARM.Build.0 = Release|Any CPU
		{ABAA0062-BCF8-456B-A70F-8D2D52C785E7}.Release|x64.ActiveCfg = Release|Any CPU
		{ABAA0062-BCF8-456B-A70F-8D2D52C785E7}.Release|x64.Build.0 = Release|Any CPU
		{ABAA0062-BCF8-456B-A70F-8D2D52C785E7}.Release|x86.ActiveCfg = Release|Any CPU
		{ABAA0062-BCF8-456B-A70F-8D2D52C785E7}.Release|x86.Build.0 = Release|Any CPU
		{44F57BCE-C9D5-4B9A-AB74-A2B79CBE7F9D}.Debug|Any CPU.ActiveCfg = Debug|Any CPU
		{44F57BCE-C9D5-4B9A-AB74-A2B79CBE7F9D}.Debug|Any CPU.Build.0 = Debug|Any CPU
		{44F57BCE-C9D5-4B9A-AB74-A2B79CBE7F9D}.Debug|ARM.ActiveCfg = Debug|Any CPU
		{44F57BCE-C9D5-4B9A-AB74-A2B79CBE7F9D}.Debug|ARM.Build.0 = Debug|Any CPU
		{44F57BCE-C9D5-4B9A-AB74-A2B79CBE7F9D}.Debug|x64.ActiveCfg = Debug|Any CPU
		{44F57BCE-C9D5-4B9A-AB74-A2B79CBE7F9D}.Debug|x64.Build.0 = Debug|Any CPU
		{44F57BCE-C9D5-4B9A-AB74-A2B79CBE7F9D}.Debug|x86.ActiveCfg = Debug|Any CPU
		{44F57BCE-C9D5-4B9A-AB74-A2B79CBE7F9D}.Debug|x86.Build.0 = Debug|Any CPU
		{44F57BCE-C9D5-4B9A-AB74-A2B79CBE7F9D}.Release|Any CPU.ActiveCfg = Release|Any CPU
		{44F57BCE-C9D5-4B9A-AB74-A2B79CBE7F9D}.Release|Any CPU.Build.0 = Release|Any CPU
		{44F57BCE-C9D5-4B9A-AB74-A2B79CBE7F9D}.Release|ARM.ActiveCfg = Release|Any CPU
		{44F57BCE-C9D5-4B9A-AB74-A2B79CBE7F9D}.Release|ARM.Build.0 = Release|Any CPU
		{44F57BCE-C9D5-4B9A-AB74-A2B79CBE7F9D}.Release|x64.ActiveCfg = Release|Any CPU
		{44F57BCE-C9D5-4B9A-AB74-A2B79CBE7F9D}.Release|x64.Build.0 = Release|Any CPU
		{44F57BCE-C9D5-4B9A-AB74-A2B79CBE7F9D}.Release|x86.ActiveCfg = Release|Any CPU
		{44F57BCE-C9D5-4B9A-AB74-A2B79CBE7F9D}.Release|x86.Build.0 = Release|Any CPU
		{54EDBA0A-7CC8-4833-9FBE-E2114F3FEE90}.Debug|Any CPU.ActiveCfg = Debug|Any CPU
		{54EDBA0A-7CC8-4833-9FBE-E2114F3FEE90}.Debug|Any CPU.Build.0 = Debug|Any CPU
		{54EDBA0A-7CC8-4833-9FBE-E2114F3FEE90}.Debug|ARM.ActiveCfg = Debug|Any CPU
		{54EDBA0A-7CC8-4833-9FBE-E2114F3FEE90}.Debug|ARM.Build.0 = Debug|Any CPU
		{54EDBA0A-7CC8-4833-9FBE-E2114F3FEE90}.Debug|x64.ActiveCfg = Debug|Any CPU
		{54EDBA0A-7CC8-4833-9FBE-E2114F3FEE90}.Debug|x64.Build.0 = Debug|Any CPU
		{54EDBA0A-7CC8-4833-9FBE-E2114F3FEE90}.Debug|x86.ActiveCfg = Debug|Any CPU
		{54EDBA0A-7CC8-4833-9FBE-E2114F3FEE90}.Debug|x86.Build.0 = Debug|Any CPU
		{54EDBA0A-7CC8-4833-9FBE-E2114F3FEE90}.Release|Any CPU.ActiveCfg = Release|Any CPU
		{54EDBA0A-7CC8-4833-9FBE-E2114F3FEE90}.Release|Any CPU.Build.0 = Release|Any CPU
		{54EDBA0A-7CC8-4833-9FBE-E2114F3FEE90}.Release|ARM.ActiveCfg = Release|Any CPU
		{54EDBA0A-7CC8-4833-9FBE-E2114F3FEE90}.Release|ARM.Build.0 = Release|Any CPU
		{54EDBA0A-7CC8-4833-9FBE-E2114F3FEE90}.Release|x64.ActiveCfg = Release|Any CPU
		{54EDBA0A-7CC8-4833-9FBE-E2114F3FEE90}.Release|x64.Build.0 = Release|Any CPU
		{54EDBA0A-7CC8-4833-9FBE-E2114F3FEE90}.Release|x86.ActiveCfg = Release|Any CPU
		{54EDBA0A-7CC8-4833-9FBE-E2114F3FEE90}.Release|x86.Build.0 = Release|Any CPU
	EndGlobalSection
	GlobalSection(SolutionProperties) = preSolution
		HideSolutionNode = FALSE
	EndGlobalSection
	GlobalSection(NestedProjects) = preSolution
		{5D7A3C49-8B5C-45FD-8F96-BFDB13CA9328} = {778E2587-8C58-49FF-B6F0-F9201F5F22FC}
		{74503677-D755-47D7-A56C-4FC7C6FA1F7D} = {1A918918-74FD-45DF-BC4D-61C8ECE6268C}
		{987B8746-B2A9-4A84-BBA5-482FFCC6399E} = {1A918918-74FD-45DF-BC4D-61C8ECE6268C}
		{B9A9C91A-8266-4738-8C54-D4B3955E5DF8} = {1A918918-74FD-45DF-BC4D-61C8ECE6268C}
		{1D971911-3C12-461D-8B96-C4E631EC1B7C} = {0AC338D8-7A69-4230-9F4F-2E9D3358E16D}
		{E9A9DCFF-5B62-4F12-ABC7-148E384FF805} = {0AC338D8-7A69-4230-9F4F-2E9D3358E16D}
		{DD5C9C3C-23AA-4DE7-BA5D-A89967826E4B} = {1A918918-74FD-45DF-BC4D-61C8ECE6268C}
		{65AE9593-E908-4C66-85B5-277E31DACCE0} = {778E2587-8C58-49FF-B6F0-F9201F5F22FC}
		{0785AECE-5C70-4891-86D1-E76D9DC55661} = {778E2587-8C58-49FF-B6F0-F9201F5F22FC}
	EndGlobalSection
EndGlobal
