
Microsoft Visual Studio Solution File, Format Version 12.00
# Visual Studio 15
VisualStudioVersion = 15.0.26430.14
MinimumVisualStudioVersion = 10.0.40219.1
Project("{FAE04EC0-301F-11D3-BF4B-00C04F79EFBC}") = "WpfApp", "WpfApp\WpfApp.csproj", "{5D7A3C49-8B5C-45FD-8F96-BFDB13CA9328}"
EndProject
Project("{9A19103F-16F7-4668-BE54-9A1E7A4F7556}") = "OmniGui", "OmniGui\OmniGui.csproj", "{4F0F11A7-EFFC-4384-98EC-51C6E1FC90B2}"
EndProject
Project("{2150E333-8FDC-42A3-9474-1A3956D46DE8}") = "OmniXaml", "OmniXaml", "{1A918918-74FD-45DF-BC4D-61C8ECE6268C}"
EndProject
Project("{9A19103F-16F7-4668-BE54-9A1E7A4F7556}") = "OmniXaml", "OmniXAML\OmniXaml\OmniXaml.csproj", "{74503677-D755-47D7-A56C-4FC7C6FA1F7D}"
EndProject
Project("{9A19103F-16F7-4668-BE54-9A1E7A4F7556}") = "OmniXaml.Attributes", "OmniXAML\OmniXaml.Attributes\OmniXaml.Attributes.csproj", "{987B8746-B2A9-4A84-BBA5-482FFCC6399E}"
EndProject
Project("{9A19103F-16F7-4668-BE54-9A1E7A4F7556}") = "OmniXaml.Services", "OmniXAML\OmniXaml.Services\OmniXaml.Services.csproj", "{B9A9C91A-8266-4738-8C54-D4B3955E5DF8}"
EndProject
Project("{9A19103F-16F7-4668-BE54-9A1E7A4F7556}") = "OmniGui.Xaml", "OmniGui.Xaml\OmniGui.Xaml.csproj", "{FF6D5507-1F7C-4161-B5CB-36FA484BBEE9}"
EndProject
Project("{FAE04EC0-301F-11D3-BF4B-00C04F79EFBC}") = "OmniGui.Wpf", "OmniGui.Wpf\OmniGui.Wpf.csproj", "{8DF3CF78-57C9-4A80-9FC5-249466573267}"
EndProject
Project("{9A19103F-16F7-4668-BE54-9A1E7A4F7556}") = "OmniGui.Console", "OmniGui.Console\OmniGui.Console.csproj", "{65127FA4-29EA-4607-8230-64D856AAB758}"
EndProject
Project("{2150E333-8FDC-42A3-9474-1A3956D46DE8}") = "Zafiro", "Zafiro", "{0AC338D8-7A69-4230-9F4F-2E9D3358E16D}"
EndProject
Project("{9A19103F-16F7-4668-BE54-9A1E7A4F7556}") = "Zafiro.Core", "Zafiro\Zafiro.Core\Zafiro.Core.csproj", "{1D971911-3C12-461D-8B96-C4E631EC1B7C}"
EndProject
Project("{9A19103F-16F7-4668-BE54-9A1E7A4F7556}") = "Zafiro.PropertySystem", "Zafiro\Zafiro.PropertySystem\Zafiro.PropertySystem.csproj", "{E9A9DCFF-5B62-4F12-ABC7-148E384FF805}"
EndProject
Project("{9A19103F-16F7-4668-BE54-9A1E7A4F7556}") = "Zafiro.Core", "OmniXAML\Zafiro\Zafiro.Core\Zafiro.Core.csproj", "{DD5C9C3C-23AA-4DE7-BA5D-A89967826E4B}"
EndProject
Project("{FAE04EC0-301F-11D3-BF4B-00C04F79EFBC}") = "AndroidApp", "AndroidApp\AndroidApp.csproj", "{0785AECE-5C70-4891-86D1-E76D9DC55661}"
EndProject
Project("{9A19103F-16F7-4668-BE54-9A1E7A4F7556}") = "Common", "ViewModels\Common.csproj", "{ABAA0062-BCF8-456B-A70F-8D2D52C785E7}"
EndProject
Project("{2150E333-8FDC-42A3-9474-1A3956D46DE8}") = "Test Apps", "Test Apps", "{778E2587-8C58-49FF-B6F0-F9201F5F22FC}"
EndProject
Project("{FAE04EC0-301F-11D3-BF4B-00C04F79EFBC}") = "iOSApp", "iOSApp\iOSApp.csproj", "{B6FAAEC5-979F-4C0A-9AD1-FE5BEE8C9300}"
EndProject
Project("{FAE04EC0-301F-11D3-BF4B-00C04F79EFBC}") = "OmniGui.Android", "OmniGui.Android\OmniGui.Android.csproj", "{A5F23BC9-B134-4F85-B08C-264DC2F56C04}"
EndProject
Project("{2150E333-8FDC-42A3-9474-1A3956D46DE8}") = "Platforms", "Platforms", "{6A3B1089-E0CE-448C-B56E-9F9339617D2E}"
EndProject
Project("{FAE04EC0-301F-11D3-BF4B-00C04F79EFBC}") = "OmniGui.iOS", "OmniGui.iOS\OmniGui.iOS.csproj", "{AF5A4C80-986F-4F03-AD75-9E8AAF0C5486}"
EndProject
Project("{FAE04EC0-301F-11D3-BF4B-00C04F79EFBC}") = "OmniGui.Uwp", "OmniGui.Uwp\OmniGui.Uwp.csproj", "{3AF0C2D5-A8A5-4575-B6A8-D1253FD8787F}"
EndProject
Project("{FAE04EC0-301F-11D3-BF4B-00C04F79EFBC}") = "WindowsApp", "WindowsApp\WindowsApp.csproj", "{6003E550-1CA5-4380-9DE4-FF6FFA583F26}"
EndProject
Project("{FAE04EC0-301F-11D3-BF4B-00C04F79EFBC}") = "OmniGui.Gtk", "OmniGui.Gtk\OmniGui.Gtk.csproj", "{0343A641-B6DB-4051-B49B-7FB4CB36568F}"
EndProject
Project("{FAE04EC0-301F-11D3-BF4B-00C04F79EFBC}") = "GtkApp", "GtkApp\GtkApp.csproj", "{E284163C-3CC5-40FC-A660-4AC566FFD7E8}"
EndProject
Global
	GlobalSection(SolutionConfigurationPlatforms) = preSolution
		Ad-Hoc|Any CPU = Ad-Hoc|Any CPU
		Ad-Hoc|ARM = Ad-Hoc|ARM
		Ad-Hoc|iPhone = Ad-Hoc|iPhone
		Ad-Hoc|iPhoneSimulator = Ad-Hoc|iPhoneSimulator
		Ad-Hoc|x64 = Ad-Hoc|x64
		Ad-Hoc|x86 = Ad-Hoc|x86
		AppStore|Any CPU = AppStore|Any CPU
		AppStore|ARM = AppStore|ARM
		AppStore|iPhone = AppStore|iPhone
		AppStore|iPhoneSimulator = AppStore|iPhoneSimulator
		AppStore|x64 = AppStore|x64
		AppStore|x86 = AppStore|x86
		Debug|Any CPU = Debug|Any CPU
		Debug|ARM = Debug|ARM
		Debug|iPhone = Debug|iPhone
		Debug|iPhoneSimulator = Debug|iPhoneSimulator
		Debug|x64 = Debug|x64
		Debug|x86 = Debug|x86
		Release|Any CPU = Release|Any CPU
		Release|ARM = Release|ARM
		Release|iPhone = Release|iPhone
		Release|iPhoneSimulator = Release|iPhoneSimulator
		Release|x64 = Release|x64
		Release|x86 = Release|x86
	EndGlobalSection
	GlobalSection(ProjectConfigurationPlatforms) = postSolution
		{5D7A3C49-8B5C-45FD-8F96-BFDB13CA9328}.Ad-Hoc|Any CPU.ActiveCfg = Release|Any CPU
		{5D7A3C49-8B5C-45FD-8F96-BFDB13CA9328}.Ad-Hoc|Any CPU.Build.0 = Release|Any CPU
		{5D7A3C49-8B5C-45FD-8F96-BFDB13CA9328}.Ad-Hoc|ARM.ActiveCfg = Release|Any CPU
		{5D7A3C49-8B5C-45FD-8F96-BFDB13CA9328}.Ad-Hoc|ARM.Build.0 = Release|Any CPU
		{5D7A3C49-8B5C-45FD-8F96-BFDB13CA9328}.Ad-Hoc|iPhone.ActiveCfg = Release|Any CPU
		{5D7A3C49-8B5C-45FD-8F96-BFDB13CA9328}.Ad-Hoc|iPhone.Build.0 = Release|Any CPU
		{5D7A3C49-8B5C-45FD-8F96-BFDB13CA9328}.Ad-Hoc|iPhoneSimulator.ActiveCfg = Release|Any CPU
		{5D7A3C49-8B5C-45FD-8F96-BFDB13CA9328}.Ad-Hoc|iPhoneSimulator.Build.0 = Release|Any CPU
		{5D7A3C49-8B5C-45FD-8F96-BFDB13CA9328}.Ad-Hoc|x64.ActiveCfg = Release|Any CPU
		{5D7A3C49-8B5C-45FD-8F96-BFDB13CA9328}.Ad-Hoc|x64.Build.0 = Release|Any CPU
		{5D7A3C49-8B5C-45FD-8F96-BFDB13CA9328}.Ad-Hoc|x86.ActiveCfg = Release|Any CPU
		{5D7A3C49-8B5C-45FD-8F96-BFDB13CA9328}.Ad-Hoc|x86.Build.0 = Release|Any CPU
		{5D7A3C49-8B5C-45FD-8F96-BFDB13CA9328}.AppStore|Any CPU.ActiveCfg = Release|Any CPU
		{5D7A3C49-8B5C-45FD-8F96-BFDB13CA9328}.AppStore|Any CPU.Build.0 = Release|Any CPU
		{5D7A3C49-8B5C-45FD-8F96-BFDB13CA9328}.AppStore|ARM.ActiveCfg = Release|Any CPU
		{5D7A3C49-8B5C-45FD-8F96-BFDB13CA9328}.AppStore|ARM.Build.0 = Release|Any CPU
		{5D7A3C49-8B5C-45FD-8F96-BFDB13CA9328}.AppStore|iPhone.ActiveCfg = Release|Any CPU
		{5D7A3C49-8B5C-45FD-8F96-BFDB13CA9328}.AppStore|iPhone.Build.0 = Release|Any CPU
		{5D7A3C49-8B5C-45FD-8F96-BFDB13CA9328}.AppStore|iPhoneSimulator.ActiveCfg = Release|Any CPU
		{5D7A3C49-8B5C-45FD-8F96-BFDB13CA9328}.AppStore|iPhoneSimulator.Build.0 = Release|Any CPU
		{5D7A3C49-8B5C-45FD-8F96-BFDB13CA9328}.AppStore|x64.ActiveCfg = Release|Any CPU
		{5D7A3C49-8B5C-45FD-8F96-BFDB13CA9328}.AppStore|x64.Build.0 = Release|Any CPU
		{5D7A3C49-8B5C-45FD-8F96-BFDB13CA9328}.AppStore|x86.ActiveCfg = Release|Any CPU
		{5D7A3C49-8B5C-45FD-8F96-BFDB13CA9328}.AppStore|x86.Build.0 = Release|Any CPU
		{5D7A3C49-8B5C-45FD-8F96-BFDB13CA9328}.Debug|Any CPU.ActiveCfg = Debug|Any CPU
		{5D7A3C49-8B5C-45FD-8F96-BFDB13CA9328}.Debug|Any CPU.Build.0 = Debug|Any CPU
		{5D7A3C49-8B5C-45FD-8F96-BFDB13CA9328}.Debug|ARM.ActiveCfg = Debug|Any CPU
		{5D7A3C49-8B5C-45FD-8F96-BFDB13CA9328}.Debug|ARM.Build.0 = Debug|Any CPU
		{5D7A3C49-8B5C-45FD-8F96-BFDB13CA9328}.Debug|iPhone.ActiveCfg = Debug|Any CPU
		{5D7A3C49-8B5C-45FD-8F96-BFDB13CA9328}.Debug|iPhone.Build.0 = Debug|Any CPU
		{5D7A3C49-8B5C-45FD-8F96-BFDB13CA9328}.Debug|iPhoneSimulator.ActiveCfg = Debug|Any CPU
		{5D7A3C49-8B5C-45FD-8F96-BFDB13CA9328}.Debug|iPhoneSimulator.Build.0 = Debug|Any CPU
		{5D7A3C49-8B5C-45FD-8F96-BFDB13CA9328}.Debug|x64.ActiveCfg = Debug|Any CPU
		{5D7A3C49-8B5C-45FD-8F96-BFDB13CA9328}.Debug|x64.Build.0 = Debug|Any CPU
		{5D7A3C49-8B5C-45FD-8F96-BFDB13CA9328}.Debug|x86.ActiveCfg = Debug|Any CPU
		{5D7A3C49-8B5C-45FD-8F96-BFDB13CA9328}.Debug|x86.Build.0 = Debug|Any CPU
		{5D7A3C49-8B5C-45FD-8F96-BFDB13CA9328}.Release|Any CPU.ActiveCfg = Release|Any CPU
		{5D7A3C49-8B5C-45FD-8F96-BFDB13CA9328}.Release|Any CPU.Build.0 = Release|Any CPU
		{5D7A3C49-8B5C-45FD-8F96-BFDB13CA9328}.Release|ARM.ActiveCfg = Release|Any CPU
		{5D7A3C49-8B5C-45FD-8F96-BFDB13CA9328}.Release|ARM.Build.0 = Release|Any CPU
		{5D7A3C49-8B5C-45FD-8F96-BFDB13CA9328}.Release|iPhone.ActiveCfg = Release|Any CPU
		{5D7A3C49-8B5C-45FD-8F96-BFDB13CA9328}.Release|iPhone.Build.0 = Release|Any CPU
		{5D7A3C49-8B5C-45FD-8F96-BFDB13CA9328}.Release|iPhoneSimulator.ActiveCfg = Release|Any CPU
		{5D7A3C49-8B5C-45FD-8F96-BFDB13CA9328}.Release|iPhoneSimulator.Build.0 = Release|Any CPU
		{5D7A3C49-8B5C-45FD-8F96-BFDB13CA9328}.Release|x64.ActiveCfg = Release|Any CPU
		{5D7A3C49-8B5C-45FD-8F96-BFDB13CA9328}.Release|x64.Build.0 = Release|Any CPU
		{5D7A3C49-8B5C-45FD-8F96-BFDB13CA9328}.Release|x86.ActiveCfg = Release|Any CPU
		{5D7A3C49-8B5C-45FD-8F96-BFDB13CA9328}.Release|x86.Build.0 = Release|Any CPU
		{4F0F11A7-EFFC-4384-98EC-51C6E1FC90B2}.Ad-Hoc|Any CPU.ActiveCfg = Release|Any CPU
		{4F0F11A7-EFFC-4384-98EC-51C6E1FC90B2}.Ad-Hoc|Any CPU.Build.0 = Release|Any CPU
		{4F0F11A7-EFFC-4384-98EC-51C6E1FC90B2}.Ad-Hoc|ARM.ActiveCfg = Release|Any CPU
		{4F0F11A7-EFFC-4384-98EC-51C6E1FC90B2}.Ad-Hoc|ARM.Build.0 = Release|Any CPU
		{4F0F11A7-EFFC-4384-98EC-51C6E1FC90B2}.Ad-Hoc|iPhone.ActiveCfg = Release|Any CPU
		{4F0F11A7-EFFC-4384-98EC-51C6E1FC90B2}.Ad-Hoc|iPhone.Build.0 = Release|Any CPU
		{4F0F11A7-EFFC-4384-98EC-51C6E1FC90B2}.Ad-Hoc|iPhoneSimulator.ActiveCfg = Release|Any CPU
		{4F0F11A7-EFFC-4384-98EC-51C6E1FC90B2}.Ad-Hoc|iPhoneSimulator.Build.0 = Release|Any CPU
		{4F0F11A7-EFFC-4384-98EC-51C6E1FC90B2}.Ad-Hoc|x64.ActiveCfg = Release|Any CPU
		{4F0F11A7-EFFC-4384-98EC-51C6E1FC90B2}.Ad-Hoc|x64.Build.0 = Release|Any CPU
		{4F0F11A7-EFFC-4384-98EC-51C6E1FC90B2}.Ad-Hoc|x86.ActiveCfg = Release|Any CPU
		{4F0F11A7-EFFC-4384-98EC-51C6E1FC90B2}.Ad-Hoc|x86.Build.0 = Release|Any CPU
		{4F0F11A7-EFFC-4384-98EC-51C6E1FC90B2}.AppStore|Any CPU.ActiveCfg = Release|Any CPU
		{4F0F11A7-EFFC-4384-98EC-51C6E1FC90B2}.AppStore|Any CPU.Build.0 = Release|Any CPU
		{4F0F11A7-EFFC-4384-98EC-51C6E1FC90B2}.AppStore|ARM.ActiveCfg = Release|Any CPU
		{4F0F11A7-EFFC-4384-98EC-51C6E1FC90B2}.AppStore|ARM.Build.0 = Release|Any CPU
		{4F0F11A7-EFFC-4384-98EC-51C6E1FC90B2}.AppStore|iPhone.ActiveCfg = Release|Any CPU
		{4F0F11A7-EFFC-4384-98EC-51C6E1FC90B2}.AppStore|iPhone.Build.0 = Release|Any CPU
		{4F0F11A7-EFFC-4384-98EC-51C6E1FC90B2}.AppStore|iPhoneSimulator.ActiveCfg = Release|Any CPU
		{4F0F11A7-EFFC-4384-98EC-51C6E1FC90B2}.AppStore|iPhoneSimulator.Build.0 = Release|Any CPU
		{4F0F11A7-EFFC-4384-98EC-51C6E1FC90B2}.AppStore|x64.ActiveCfg = Release|Any CPU
		{4F0F11A7-EFFC-4384-98EC-51C6E1FC90B2}.AppStore|x64.Build.0 = Release|Any CPU
		{4F0F11A7-EFFC-4384-98EC-51C6E1FC90B2}.AppStore|x86.ActiveCfg = Release|Any CPU
		{4F0F11A7-EFFC-4384-98EC-51C6E1FC90B2}.AppStore|x86.Build.0 = Release|Any CPU
		{4F0F11A7-EFFC-4384-98EC-51C6E1FC90B2}.Debug|Any CPU.ActiveCfg = Debug|Any CPU
		{4F0F11A7-EFFC-4384-98EC-51C6E1FC90B2}.Debug|Any CPU.Build.0 = Debug|Any CPU
		{4F0F11A7-EFFC-4384-98EC-51C6E1FC90B2}.Debug|ARM.ActiveCfg = Debug|Any CPU
		{4F0F11A7-EFFC-4384-98EC-51C6E1FC90B2}.Debug|ARM.Build.0 = Debug|Any CPU
		{4F0F11A7-EFFC-4384-98EC-51C6E1FC90B2}.Debug|iPhone.ActiveCfg = Debug|Any CPU
		{4F0F11A7-EFFC-4384-98EC-51C6E1FC90B2}.Debug|iPhone.Build.0 = Debug|Any CPU
		{4F0F11A7-EFFC-4384-98EC-51C6E1FC90B2}.Debug|iPhoneSimulator.ActiveCfg = Debug|Any CPU
		{4F0F11A7-EFFC-4384-98EC-51C6E1FC90B2}.Debug|iPhoneSimulator.Build.0 = Debug|Any CPU
		{4F0F11A7-EFFC-4384-98EC-51C6E1FC90B2}.Debug|x64.ActiveCfg = Debug|Any CPU
		{4F0F11A7-EFFC-4384-98EC-51C6E1FC90B2}.Debug|x64.Build.0 = Debug|Any CPU
		{4F0F11A7-EFFC-4384-98EC-51C6E1FC90B2}.Debug|x86.ActiveCfg = Debug|Any CPU
		{4F0F11A7-EFFC-4384-98EC-51C6E1FC90B2}.Debug|x86.Build.0 = Debug|Any CPU
		{4F0F11A7-EFFC-4384-98EC-51C6E1FC90B2}.Release|Any CPU.ActiveCfg = Release|Any CPU
		{4F0F11A7-EFFC-4384-98EC-51C6E1FC90B2}.Release|Any CPU.Build.0 = Release|Any CPU
		{4F0F11A7-EFFC-4384-98EC-51C6E1FC90B2}.Release|ARM.ActiveCfg = Release|Any CPU
		{4F0F11A7-EFFC-4384-98EC-51C6E1FC90B2}.Release|ARM.Build.0 = Release|Any CPU
		{4F0F11A7-EFFC-4384-98EC-51C6E1FC90B2}.Release|iPhone.ActiveCfg = Release|Any CPU
		{4F0F11A7-EFFC-4384-98EC-51C6E1FC90B2}.Release|iPhone.Build.0 = Release|Any CPU
		{4F0F11A7-EFFC-4384-98EC-51C6E1FC90B2}.Release|iPhoneSimulator.ActiveCfg = Release|Any CPU
		{4F0F11A7-EFFC-4384-98EC-51C6E1FC90B2}.Release|iPhoneSimulator.Build.0 = Release|Any CPU
		{4F0F11A7-EFFC-4384-98EC-51C6E1FC90B2}.Release|x64.ActiveCfg = Release|Any CPU
		{4F0F11A7-EFFC-4384-98EC-51C6E1FC90B2}.Release|x64.Build.0 = Release|Any CPU
		{4F0F11A7-EFFC-4384-98EC-51C6E1FC90B2}.Release|x86.ActiveCfg = Release|Any CPU
		{4F0F11A7-EFFC-4384-98EC-51C6E1FC90B2}.Release|x86.Build.0 = Release|Any CPU
		{74503677-D755-47D7-A56C-4FC7C6FA1F7D}.Ad-Hoc|Any CPU.ActiveCfg = Release|Any CPU
		{74503677-D755-47D7-A56C-4FC7C6FA1F7D}.Ad-Hoc|Any CPU.Build.0 = Release|Any CPU
		{74503677-D755-47D7-A56C-4FC7C6FA1F7D}.Ad-Hoc|ARM.ActiveCfg = Release|Any CPU
		{74503677-D755-47D7-A56C-4FC7C6FA1F7D}.Ad-Hoc|ARM.Build.0 = Release|Any CPU
		{74503677-D755-47D7-A56C-4FC7C6FA1F7D}.Ad-Hoc|iPhone.ActiveCfg = Release|Any CPU
		{74503677-D755-47D7-A56C-4FC7C6FA1F7D}.Ad-Hoc|iPhone.Build.0 = Release|Any CPU
		{74503677-D755-47D7-A56C-4FC7C6FA1F7D}.Ad-Hoc|iPhoneSimulator.ActiveCfg = Release|Any CPU
		{74503677-D755-47D7-A56C-4FC7C6FA1F7D}.Ad-Hoc|iPhoneSimulator.Build.0 = Release|Any CPU
		{74503677-D755-47D7-A56C-4FC7C6FA1F7D}.Ad-Hoc|x64.ActiveCfg = Release|Any CPU
		{74503677-D755-47D7-A56C-4FC7C6FA1F7D}.Ad-Hoc|x64.Build.0 = Release|Any CPU
		{74503677-D755-47D7-A56C-4FC7C6FA1F7D}.Ad-Hoc|x86.ActiveCfg = Release|Any CPU
		{74503677-D755-47D7-A56C-4FC7C6FA1F7D}.Ad-Hoc|x86.Build.0 = Release|Any CPU
		{74503677-D755-47D7-A56C-4FC7C6FA1F7D}.AppStore|Any CPU.ActiveCfg = Release|Any CPU
		{74503677-D755-47D7-A56C-4FC7C6FA1F7D}.AppStore|Any CPU.Build.0 = Release|Any CPU
		{74503677-D755-47D7-A56C-4FC7C6FA1F7D}.AppStore|ARM.ActiveCfg = Release|Any CPU
		{74503677-D755-47D7-A56C-4FC7C6FA1F7D}.AppStore|ARM.Build.0 = Release|Any CPU
		{74503677-D755-47D7-A56C-4FC7C6FA1F7D}.AppStore|iPhone.ActiveCfg = Release|Any CPU
		{74503677-D755-47D7-A56C-4FC7C6FA1F7D}.AppStore|iPhone.Build.0 = Release|Any CPU
		{74503677-D755-47D7-A56C-4FC7C6FA1F7D}.AppStore|iPhoneSimulator.ActiveCfg = Release|Any CPU
		{74503677-D755-47D7-A56C-4FC7C6FA1F7D}.AppStore|iPhoneSimulator.Build.0 = Release|Any CPU
		{74503677-D755-47D7-A56C-4FC7C6FA1F7D}.AppStore|x64.ActiveCfg = Release|Any CPU
		{74503677-D755-47D7-A56C-4FC7C6FA1F7D}.AppStore|x64.Build.0 = Release|Any CPU
		{74503677-D755-47D7-A56C-4FC7C6FA1F7D}.AppStore|x86.ActiveCfg = Release|Any CPU
		{74503677-D755-47D7-A56C-4FC7C6FA1F7D}.AppStore|x86.Build.0 = Release|Any CPU
		{74503677-D755-47D7-A56C-4FC7C6FA1F7D}.Debug|Any CPU.ActiveCfg = Debug|Any CPU
		{74503677-D755-47D7-A56C-4FC7C6FA1F7D}.Debug|Any CPU.Build.0 = Debug|Any CPU
		{74503677-D755-47D7-A56C-4FC7C6FA1F7D}.Debug|ARM.ActiveCfg = Debug|Any CPU
		{74503677-D755-47D7-A56C-4FC7C6FA1F7D}.Debug|ARM.Build.0 = Debug|Any CPU
		{74503677-D755-47D7-A56C-4FC7C6FA1F7D}.Debug|iPhone.ActiveCfg = Debug|Any CPU
		{74503677-D755-47D7-A56C-4FC7C6FA1F7D}.Debug|iPhone.Build.0 = Debug|Any CPU
		{74503677-D755-47D7-A56C-4FC7C6FA1F7D}.Debug|iPhoneSimulator.ActiveCfg = Debug|Any CPU
		{74503677-D755-47D7-A56C-4FC7C6FA1F7D}.Debug|iPhoneSimulator.Build.0 = Debug|Any CPU
		{74503677-D755-47D7-A56C-4FC7C6FA1F7D}.Debug|x64.ActiveCfg = Debug|Any CPU
		{74503677-D755-47D7-A56C-4FC7C6FA1F7D}.Debug|x64.Build.0 = Debug|Any CPU
		{74503677-D755-47D7-A56C-4FC7C6FA1F7D}.Debug|x86.ActiveCfg = Debug|Any CPU
		{74503677-D755-47D7-A56C-4FC7C6FA1F7D}.Debug|x86.Build.0 = Debug|Any CPU
		{74503677-D755-47D7-A56C-4FC7C6FA1F7D}.Release|Any CPU.ActiveCfg = Release|Any CPU
		{74503677-D755-47D7-A56C-4FC7C6FA1F7D}.Release|Any CPU.Build.0 = Release|Any CPU
		{74503677-D755-47D7-A56C-4FC7C6FA1F7D}.Release|ARM.ActiveCfg = Release|Any CPU
		{74503677-D755-47D7-A56C-4FC7C6FA1F7D}.Release|ARM.Build.0 = Release|Any CPU
		{74503677-D755-47D7-A56C-4FC7C6FA1F7D}.Release|iPhone.ActiveCfg = Release|Any CPU
		{74503677-D755-47D7-A56C-4FC7C6FA1F7D}.Release|iPhone.Build.0 = Release|Any CPU
		{74503677-D755-47D7-A56C-4FC7C6FA1F7D}.Release|iPhoneSimulator.ActiveCfg = Release|Any CPU
		{74503677-D755-47D7-A56C-4FC7C6FA1F7D}.Release|iPhoneSimulator.Build.0 = Release|Any CPU
		{74503677-D755-47D7-A56C-4FC7C6FA1F7D}.Release|x64.ActiveCfg = Release|Any CPU
		{74503677-D755-47D7-A56C-4FC7C6FA1F7D}.Release|x64.Build.0 = Release|Any CPU
		{74503677-D755-47D7-A56C-4FC7C6FA1F7D}.Release|x86.ActiveCfg = Release|Any CPU
		{74503677-D755-47D7-A56C-4FC7C6FA1F7D}.Release|x86.Build.0 = Release|Any CPU
		{987B8746-B2A9-4A84-BBA5-482FFCC6399E}.Ad-Hoc|Any CPU.ActiveCfg = Release|Any CPU
		{987B8746-B2A9-4A84-BBA5-482FFCC6399E}.Ad-Hoc|Any CPU.Build.0 = Release|Any CPU
		{987B8746-B2A9-4A84-BBA5-482FFCC6399E}.Ad-Hoc|ARM.ActiveCfg = Release|Any CPU
		{987B8746-B2A9-4A84-BBA5-482FFCC6399E}.Ad-Hoc|ARM.Build.0 = Release|Any CPU
		{987B8746-B2A9-4A84-BBA5-482FFCC6399E}.Ad-Hoc|iPhone.ActiveCfg = Release|Any CPU
		{987B8746-B2A9-4A84-BBA5-482FFCC6399E}.Ad-Hoc|iPhone.Build.0 = Release|Any CPU
		{987B8746-B2A9-4A84-BBA5-482FFCC6399E}.Ad-Hoc|iPhoneSimulator.ActiveCfg = Release|Any CPU
		{987B8746-B2A9-4A84-BBA5-482FFCC6399E}.Ad-Hoc|iPhoneSimulator.Build.0 = Release|Any CPU
		{987B8746-B2A9-4A84-BBA5-482FFCC6399E}.Ad-Hoc|x64.ActiveCfg = Release|Any CPU
		{987B8746-B2A9-4A84-BBA5-482FFCC6399E}.Ad-Hoc|x64.Build.0 = Release|Any CPU
		{987B8746-B2A9-4A84-BBA5-482FFCC6399E}.Ad-Hoc|x86.ActiveCfg = Release|Any CPU
		{987B8746-B2A9-4A84-BBA5-482FFCC6399E}.Ad-Hoc|x86.Build.0 = Release|Any CPU
		{987B8746-B2A9-4A84-BBA5-482FFCC6399E}.AppStore|Any CPU.ActiveCfg = Release|Any CPU
		{987B8746-B2A9-4A84-BBA5-482FFCC6399E}.AppStore|Any CPU.Build.0 = Release|Any CPU
		{987B8746-B2A9-4A84-BBA5-482FFCC6399E}.AppStore|ARM.ActiveCfg = Release|Any CPU
		{987B8746-B2A9-4A84-BBA5-482FFCC6399E}.AppStore|ARM.Build.0 = Release|Any CPU
		{987B8746-B2A9-4A84-BBA5-482FFCC6399E}.AppStore|iPhone.ActiveCfg = Release|Any CPU
		{987B8746-B2A9-4A84-BBA5-482FFCC6399E}.AppStore|iPhone.Build.0 = Release|Any CPU
		{987B8746-B2A9-4A84-BBA5-482FFCC6399E}.AppStore|iPhoneSimulator.ActiveCfg = Release|Any CPU
		{987B8746-B2A9-4A84-BBA5-482FFCC6399E}.AppStore|iPhoneSimulator.Build.0 = Release|Any CPU
		{987B8746-B2A9-4A84-BBA5-482FFCC6399E}.AppStore|x64.ActiveCfg = Release|Any CPU
		{987B8746-B2A9-4A84-BBA5-482FFCC6399E}.AppStore|x64.Build.0 = Release|Any CPU
		{987B8746-B2A9-4A84-BBA5-482FFCC6399E}.AppStore|x86.ActiveCfg = Release|Any CPU
		{987B8746-B2A9-4A84-BBA5-482FFCC6399E}.AppStore|x86.Build.0 = Release|Any CPU
		{987B8746-B2A9-4A84-BBA5-482FFCC6399E}.Debug|Any CPU.ActiveCfg = Debug|Any CPU
		{987B8746-B2A9-4A84-BBA5-482FFCC6399E}.Debug|Any CPU.Build.0 = Debug|Any CPU
		{987B8746-B2A9-4A84-BBA5-482FFCC6399E}.Debug|ARM.ActiveCfg = Debug|Any CPU
		{987B8746-B2A9-4A84-BBA5-482FFCC6399E}.Debug|ARM.Build.0 = Debug|Any CPU
		{987B8746-B2A9-4A84-BBA5-482FFCC6399E}.Debug|iPhone.ActiveCfg = Debug|Any CPU
		{987B8746-B2A9-4A84-BBA5-482FFCC6399E}.Debug|iPhone.Build.0 = Debug|Any CPU
		{987B8746-B2A9-4A84-BBA5-482FFCC6399E}.Debug|iPhoneSimulator.ActiveCfg = Debug|Any CPU
		{987B8746-B2A9-4A84-BBA5-482FFCC6399E}.Debug|iPhoneSimulator.Build.0 = Debug|Any CPU
		{987B8746-B2A9-4A84-BBA5-482FFCC6399E}.Debug|x64.ActiveCfg = Debug|Any CPU
		{987B8746-B2A9-4A84-BBA5-482FFCC6399E}.Debug|x64.Build.0 = Debug|Any CPU
		{987B8746-B2A9-4A84-BBA5-482FFCC6399E}.Debug|x86.ActiveCfg = Debug|Any CPU
		{987B8746-B2A9-4A84-BBA5-482FFCC6399E}.Debug|x86.Build.0 = Debug|Any CPU
		{987B8746-B2A9-4A84-BBA5-482FFCC6399E}.Release|Any CPU.ActiveCfg = Release|Any CPU
		{987B8746-B2A9-4A84-BBA5-482FFCC6399E}.Release|Any CPU.Build.0 = Release|Any CPU
		{987B8746-B2A9-4A84-BBA5-482FFCC6399E}.Release|ARM.ActiveCfg = Release|Any CPU
		{987B8746-B2A9-4A84-BBA5-482FFCC6399E}.Release|ARM.Build.0 = Release|Any CPU
		{987B8746-B2A9-4A84-BBA5-482FFCC6399E}.Release|iPhone.ActiveCfg = Release|Any CPU
		{987B8746-B2A9-4A84-BBA5-482FFCC6399E}.Release|iPhone.Build.0 = Release|Any CPU
		{987B8746-B2A9-4A84-BBA5-482FFCC6399E}.Release|iPhoneSimulator.ActiveCfg = Release|Any CPU
		{987B8746-B2A9-4A84-BBA5-482FFCC6399E}.Release|iPhoneSimulator.Build.0 = Release|Any CPU
		{987B8746-B2A9-4A84-BBA5-482FFCC6399E}.Release|x64.ActiveCfg = Release|Any CPU
		{987B8746-B2A9-4A84-BBA5-482FFCC6399E}.Release|x64.Build.0 = Release|Any CPU
		{987B8746-B2A9-4A84-BBA5-482FFCC6399E}.Release|x86.ActiveCfg = Release|Any CPU
		{987B8746-B2A9-4A84-BBA5-482FFCC6399E}.Release|x86.Build.0 = Release|Any CPU
		{B9A9C91A-8266-4738-8C54-D4B3955E5DF8}.Ad-Hoc|Any CPU.ActiveCfg = Release|Any CPU
		{B9A9C91A-8266-4738-8C54-D4B3955E5DF8}.Ad-Hoc|Any CPU.Build.0 = Release|Any CPU
		{B9A9C91A-8266-4738-8C54-D4B3955E5DF8}.Ad-Hoc|ARM.ActiveCfg = Release|Any CPU
		{B9A9C91A-8266-4738-8C54-D4B3955E5DF8}.Ad-Hoc|ARM.Build.0 = Release|Any CPU
		{B9A9C91A-8266-4738-8C54-D4B3955E5DF8}.Ad-Hoc|iPhone.ActiveCfg = Release|Any CPU
		{B9A9C91A-8266-4738-8C54-D4B3955E5DF8}.Ad-Hoc|iPhone.Build.0 = Release|Any CPU
		{B9A9C91A-8266-4738-8C54-D4B3955E5DF8}.Ad-Hoc|iPhoneSimulator.ActiveCfg = Release|Any CPU
		{B9A9C91A-8266-4738-8C54-D4B3955E5DF8}.Ad-Hoc|iPhoneSimulator.Build.0 = Release|Any CPU
		{B9A9C91A-8266-4738-8C54-D4B3955E5DF8}.Ad-Hoc|x64.ActiveCfg = Release|Any CPU
		{B9A9C91A-8266-4738-8C54-D4B3955E5DF8}.Ad-Hoc|x64.Build.0 = Release|Any CPU
		{B9A9C91A-8266-4738-8C54-D4B3955E5DF8}.Ad-Hoc|x86.ActiveCfg = Release|Any CPU
		{B9A9C91A-8266-4738-8C54-D4B3955E5DF8}.Ad-Hoc|x86.Build.0 = Release|Any CPU
		{B9A9C91A-8266-4738-8C54-D4B3955E5DF8}.AppStore|Any CPU.ActiveCfg = Release|Any CPU
		{B9A9C91A-8266-4738-8C54-D4B3955E5DF8}.AppStore|Any CPU.Build.0 = Release|Any CPU
		{B9A9C91A-8266-4738-8C54-D4B3955E5DF8}.AppStore|ARM.ActiveCfg = Release|Any CPU
		{B9A9C91A-8266-4738-8C54-D4B3955E5DF8}.AppStore|ARM.Build.0 = Release|Any CPU
		{B9A9C91A-8266-4738-8C54-D4B3955E5DF8}.AppStore|iPhone.ActiveCfg = Release|Any CPU
		{B9A9C91A-8266-4738-8C54-D4B3955E5DF8}.AppStore|iPhone.Build.0 = Release|Any CPU
		{B9A9C91A-8266-4738-8C54-D4B3955E5DF8}.AppStore|iPhoneSimulator.ActiveCfg = Release|Any CPU
		{B9A9C91A-8266-4738-8C54-D4B3955E5DF8}.AppStore|iPhoneSimulator.Build.0 = Release|Any CPU
		{B9A9C91A-8266-4738-8C54-D4B3955E5DF8}.AppStore|x64.ActiveCfg = Release|Any CPU
		{B9A9C91A-8266-4738-8C54-D4B3955E5DF8}.AppStore|x64.Build.0 = Release|Any CPU
		{B9A9C91A-8266-4738-8C54-D4B3955E5DF8}.AppStore|x86.ActiveCfg = Release|Any CPU
		{B9A9C91A-8266-4738-8C54-D4B3955E5DF8}.AppStore|x86.Build.0 = Release|Any CPU
		{B9A9C91A-8266-4738-8C54-D4B3955E5DF8}.Debug|Any CPU.ActiveCfg = Debug|Any CPU
		{B9A9C91A-8266-4738-8C54-D4B3955E5DF8}.Debug|Any CPU.Build.0 = Debug|Any CPU
		{B9A9C91A-8266-4738-8C54-D4B3955E5DF8}.Debug|ARM.ActiveCfg = Debug|Any CPU
		{B9A9C91A-8266-4738-8C54-D4B3955E5DF8}.Debug|ARM.Build.0 = Debug|Any CPU
		{B9A9C91A-8266-4738-8C54-D4B3955E5DF8}.Debug|iPhone.ActiveCfg = Debug|Any CPU
		{B9A9C91A-8266-4738-8C54-D4B3955E5DF8}.Debug|iPhone.Build.0 = Debug|Any CPU
		{B9A9C91A-8266-4738-8C54-D4B3955E5DF8}.Debug|iPhoneSimulator.ActiveCfg = Debug|Any CPU
		{B9A9C91A-8266-4738-8C54-D4B3955E5DF8}.Debug|iPhoneSimulator.Build.0 = Debug|Any CPU
		{B9A9C91A-8266-4738-8C54-D4B3955E5DF8}.Debug|x64.ActiveCfg = Debug|Any CPU
		{B9A9C91A-8266-4738-8C54-D4B3955E5DF8}.Debug|x64.Build.0 = Debug|Any CPU
		{B9A9C91A-8266-4738-8C54-D4B3955E5DF8}.Debug|x86.ActiveCfg = Debug|Any CPU
		{B9A9C91A-8266-4738-8C54-D4B3955E5DF8}.Debug|x86.Build.0 = Debug|Any CPU
		{B9A9C91A-8266-4738-8C54-D4B3955E5DF8}.Release|Any CPU.ActiveCfg = Release|Any CPU
		{B9A9C91A-8266-4738-8C54-D4B3955E5DF8}.Release|Any CPU.Build.0 = Release|Any CPU
		{B9A9C91A-8266-4738-8C54-D4B3955E5DF8}.Release|ARM.ActiveCfg = Release|Any CPU
		{B9A9C91A-8266-4738-8C54-D4B3955E5DF8}.Release|ARM.Build.0 = Release|Any CPU
		{B9A9C91A-8266-4738-8C54-D4B3955E5DF8}.Release|iPhone.ActiveCfg = Release|Any CPU
		{B9A9C91A-8266-4738-8C54-D4B3955E5DF8}.Release|iPhone.Build.0 = Release|Any CPU
		{B9A9C91A-8266-4738-8C54-D4B3955E5DF8}.Release|iPhoneSimulator.ActiveCfg = Release|Any CPU
		{B9A9C91A-8266-4738-8C54-D4B3955E5DF8}.Release|iPhoneSimulator.Build.0 = Release|Any CPU
		{B9A9C91A-8266-4738-8C54-D4B3955E5DF8}.Release|x64.ActiveCfg = Release|Any CPU
		{B9A9C91A-8266-4738-8C54-D4B3955E5DF8}.Release|x64.Build.0 = Release|Any CPU
		{B9A9C91A-8266-4738-8C54-D4B3955E5DF8}.Release|x86.ActiveCfg = Release|Any CPU
		{B9A9C91A-8266-4738-8C54-D4B3955E5DF8}.Release|x86.Build.0 = Release|Any CPU
		{FF6D5507-1F7C-4161-B5CB-36FA484BBEE9}.Ad-Hoc|Any CPU.ActiveCfg = Release|Any CPU
		{FF6D5507-1F7C-4161-B5CB-36FA484BBEE9}.Ad-Hoc|Any CPU.Build.0 = Release|Any CPU
		{FF6D5507-1F7C-4161-B5CB-36FA484BBEE9}.Ad-Hoc|ARM.ActiveCfg = Release|Any CPU
		{FF6D5507-1F7C-4161-B5CB-36FA484BBEE9}.Ad-Hoc|ARM.Build.0 = Release|Any CPU
		{FF6D5507-1F7C-4161-B5CB-36FA484BBEE9}.Ad-Hoc|iPhone.ActiveCfg = Release|Any CPU
		{FF6D5507-1F7C-4161-B5CB-36FA484BBEE9}.Ad-Hoc|iPhone.Build.0 = Release|Any CPU
		{FF6D5507-1F7C-4161-B5CB-36FA484BBEE9}.Ad-Hoc|iPhoneSimulator.ActiveCfg = Release|Any CPU
		{FF6D5507-1F7C-4161-B5CB-36FA484BBEE9}.Ad-Hoc|iPhoneSimulator.Build.0 = Release|Any CPU
		{FF6D5507-1F7C-4161-B5CB-36FA484BBEE9}.Ad-Hoc|x64.ActiveCfg = Release|Any CPU
		{FF6D5507-1F7C-4161-B5CB-36FA484BBEE9}.Ad-Hoc|x64.Build.0 = Release|Any CPU
		{FF6D5507-1F7C-4161-B5CB-36FA484BBEE9}.Ad-Hoc|x86.ActiveCfg = Release|Any CPU
		{FF6D5507-1F7C-4161-B5CB-36FA484BBEE9}.Ad-Hoc|x86.Build.0 = Release|Any CPU
		{FF6D5507-1F7C-4161-B5CB-36FA484BBEE9}.AppStore|Any CPU.ActiveCfg = Release|Any CPU
		{FF6D5507-1F7C-4161-B5CB-36FA484BBEE9}.AppStore|Any CPU.Build.0 = Release|Any CPU
		{FF6D5507-1F7C-4161-B5CB-36FA484BBEE9}.AppStore|ARM.ActiveCfg = Release|Any CPU
		{FF6D5507-1F7C-4161-B5CB-36FA484BBEE9}.AppStore|ARM.Build.0 = Release|Any CPU
		{FF6D5507-1F7C-4161-B5CB-36FA484BBEE9}.AppStore|iPhone.ActiveCfg = Release|Any CPU
		{FF6D5507-1F7C-4161-B5CB-36FA484BBEE9}.AppStore|iPhone.Build.0 = Release|Any CPU
		{FF6D5507-1F7C-4161-B5CB-36FA484BBEE9}.AppStore|iPhoneSimulator.ActiveCfg = Release|Any CPU
		{FF6D5507-1F7C-4161-B5CB-36FA484BBEE9}.AppStore|iPhoneSimulator.Build.0 = Release|Any CPU
		{FF6D5507-1F7C-4161-B5CB-36FA484BBEE9}.AppStore|x64.ActiveCfg = Release|Any CPU
		{FF6D5507-1F7C-4161-B5CB-36FA484BBEE9}.AppStore|x64.Build.0 = Release|Any CPU
		{FF6D5507-1F7C-4161-B5CB-36FA484BBEE9}.AppStore|x86.ActiveCfg = Release|Any CPU
		{FF6D5507-1F7C-4161-B5CB-36FA484BBEE9}.AppStore|x86.Build.0 = Release|Any CPU
		{FF6D5507-1F7C-4161-B5CB-36FA484BBEE9}.Debug|Any CPU.ActiveCfg = Debug|Any CPU
		{FF6D5507-1F7C-4161-B5CB-36FA484BBEE9}.Debug|Any CPU.Build.0 = Debug|Any CPU
		{FF6D5507-1F7C-4161-B5CB-36FA484BBEE9}.Debug|ARM.ActiveCfg = Debug|Any CPU
		{FF6D5507-1F7C-4161-B5CB-36FA484BBEE9}.Debug|ARM.Build.0 = Debug|Any CPU
		{FF6D5507-1F7C-4161-B5CB-36FA484BBEE9}.Debug|iPhone.ActiveCfg = Debug|Any CPU
		{FF6D5507-1F7C-4161-B5CB-36FA484BBEE9}.Debug|iPhone.Build.0 = Debug|Any CPU
		{FF6D5507-1F7C-4161-B5CB-36FA484BBEE9}.Debug|iPhoneSimulator.ActiveCfg = Debug|Any CPU
		{FF6D5507-1F7C-4161-B5CB-36FA484BBEE9}.Debug|iPhoneSimulator.Build.0 = Debug|Any CPU
		{FF6D5507-1F7C-4161-B5CB-36FA484BBEE9}.Debug|x64.ActiveCfg = Debug|Any CPU
		{FF6D5507-1F7C-4161-B5CB-36FA484BBEE9}.Debug|x64.Build.0 = Debug|Any CPU
		{FF6D5507-1F7C-4161-B5CB-36FA484BBEE9}.Debug|x86.ActiveCfg = Debug|Any CPU
		{FF6D5507-1F7C-4161-B5CB-36FA484BBEE9}.Debug|x86.Build.0 = Debug|Any CPU
		{FF6D5507-1F7C-4161-B5CB-36FA484BBEE9}.Release|Any CPU.ActiveCfg = Release|Any CPU
		{FF6D5507-1F7C-4161-B5CB-36FA484BBEE9}.Release|Any CPU.Build.0 = Release|Any CPU
		{FF6D5507-1F7C-4161-B5CB-36FA484BBEE9}.Release|ARM.ActiveCfg = Release|Any CPU
		{FF6D5507-1F7C-4161-B5CB-36FA484BBEE9}.Release|ARM.Build.0 = Release|Any CPU
		{FF6D5507-1F7C-4161-B5CB-36FA484BBEE9}.Release|iPhone.ActiveCfg = Release|Any CPU
		{FF6D5507-1F7C-4161-B5CB-36FA484BBEE9}.Release|iPhone.Build.0 = Release|Any CPU
		{FF6D5507-1F7C-4161-B5CB-36FA484BBEE9}.Release|iPhoneSimulator.ActiveCfg = Release|Any CPU
		{FF6D5507-1F7C-4161-B5CB-36FA484BBEE9}.Release|iPhoneSimulator.Build.0 = Release|Any CPU
		{FF6D5507-1F7C-4161-B5CB-36FA484BBEE9}.Release|x64.ActiveCfg = Release|Any CPU
		{FF6D5507-1F7C-4161-B5CB-36FA484BBEE9}.Release|x64.Build.0 = Release|Any CPU
		{FF6D5507-1F7C-4161-B5CB-36FA484BBEE9}.Release|x86.ActiveCfg = Release|Any CPU
		{FF6D5507-1F7C-4161-B5CB-36FA484BBEE9}.Release|x86.Build.0 = Release|Any CPU
		{8DF3CF78-57C9-4A80-9FC5-249466573267}.Ad-Hoc|Any CPU.ActiveCfg = Release|Any CPU
		{8DF3CF78-57C9-4A80-9FC5-249466573267}.Ad-Hoc|Any CPU.Build.0 = Release|Any CPU
		{8DF3CF78-57C9-4A80-9FC5-249466573267}.Ad-Hoc|ARM.ActiveCfg = Release|Any CPU
		{8DF3CF78-57C9-4A80-9FC5-249466573267}.Ad-Hoc|ARM.Build.0 = Release|Any CPU
		{8DF3CF78-57C9-4A80-9FC5-249466573267}.Ad-Hoc|iPhone.ActiveCfg = Release|Any CPU
		{8DF3CF78-57C9-4A80-9FC5-249466573267}.Ad-Hoc|iPhone.Build.0 = Release|Any CPU
		{8DF3CF78-57C9-4A80-9FC5-249466573267}.Ad-Hoc|iPhoneSimulator.ActiveCfg = Release|Any CPU
		{8DF3CF78-57C9-4A80-9FC5-249466573267}.Ad-Hoc|iPhoneSimulator.Build.0 = Release|Any CPU
		{8DF3CF78-57C9-4A80-9FC5-249466573267}.Ad-Hoc|x64.ActiveCfg = Release|Any CPU
		{8DF3CF78-57C9-4A80-9FC5-249466573267}.Ad-Hoc|x64.Build.0 = Release|Any CPU
		{8DF3CF78-57C9-4A80-9FC5-249466573267}.Ad-Hoc|x86.ActiveCfg = Release|Any CPU
		{8DF3CF78-57C9-4A80-9FC5-249466573267}.Ad-Hoc|x86.Build.0 = Release|Any CPU
		{8DF3CF78-57C9-4A80-9FC5-249466573267}.AppStore|Any CPU.ActiveCfg = Release|Any CPU
		{8DF3CF78-57C9-4A80-9FC5-249466573267}.AppStore|Any CPU.Build.0 = Release|Any CPU
		{8DF3CF78-57C9-4A80-9FC5-249466573267}.AppStore|ARM.ActiveCfg = Release|Any CPU
		{8DF3CF78-57C9-4A80-9FC5-249466573267}.AppStore|ARM.Build.0 = Release|Any CPU
		{8DF3CF78-57C9-4A80-9FC5-249466573267}.AppStore|iPhone.ActiveCfg = Release|Any CPU
		{8DF3CF78-57C9-4A80-9FC5-249466573267}.AppStore|iPhone.Build.0 = Release|Any CPU
		{8DF3CF78-57C9-4A80-9FC5-249466573267}.AppStore|iPhoneSimulator.ActiveCfg = Release|Any CPU
		{8DF3CF78-57C9-4A80-9FC5-249466573267}.AppStore|iPhoneSimulator.Build.0 = Release|Any CPU
		{8DF3CF78-57C9-4A80-9FC5-249466573267}.AppStore|x64.ActiveCfg = Release|Any CPU
		{8DF3CF78-57C9-4A80-9FC5-249466573267}.AppStore|x64.Build.0 = Release|Any CPU
		{8DF3CF78-57C9-4A80-9FC5-249466573267}.AppStore|x86.ActiveCfg = Release|Any CPU
		{8DF3CF78-57C9-4A80-9FC5-249466573267}.AppStore|x86.Build.0 = Release|Any CPU
		{8DF3CF78-57C9-4A80-9FC5-249466573267}.Debug|Any CPU.ActiveCfg = Debug|Any CPU
		{8DF3CF78-57C9-4A80-9FC5-249466573267}.Debug|Any CPU.Build.0 = Debug|Any CPU
		{8DF3CF78-57C9-4A80-9FC5-249466573267}.Debug|ARM.ActiveCfg = Debug|Any CPU
		{8DF3CF78-57C9-4A80-9FC5-249466573267}.Debug|ARM.Build.0 = Debug|Any CPU
		{8DF3CF78-57C9-4A80-9FC5-249466573267}.Debug|iPhone.ActiveCfg = Debug|Any CPU
		{8DF3CF78-57C9-4A80-9FC5-249466573267}.Debug|iPhone.Build.0 = Debug|Any CPU
		{8DF3CF78-57C9-4A80-9FC5-249466573267}.Debug|iPhoneSimulator.ActiveCfg = Debug|Any CPU
		{8DF3CF78-57C9-4A80-9FC5-249466573267}.Debug|iPhoneSimulator.Build.0 = Debug|Any CPU
		{8DF3CF78-57C9-4A80-9FC5-249466573267}.Debug|x64.ActiveCfg = Debug|Any CPU
		{8DF3CF78-57C9-4A80-9FC5-249466573267}.Debug|x64.Build.0 = Debug|Any CPU
		{8DF3CF78-57C9-4A80-9FC5-249466573267}.Debug|x86.ActiveCfg = Debug|Any CPU
		{8DF3CF78-57C9-4A80-9FC5-249466573267}.Debug|x86.Build.0 = Debug|Any CPU
		{8DF3CF78-57C9-4A80-9FC5-249466573267}.Release|Any CPU.ActiveCfg = Release|Any CPU
		{8DF3CF78-57C9-4A80-9FC5-249466573267}.Release|Any CPU.Build.0 = Release|Any CPU
		{8DF3CF78-57C9-4A80-9FC5-249466573267}.Release|ARM.ActiveCfg = Release|Any CPU
		{8DF3CF78-57C9-4A80-9FC5-249466573267}.Release|ARM.Build.0 = Release|Any CPU
		{8DF3CF78-57C9-4A80-9FC5-249466573267}.Release|iPhone.ActiveCfg = Release|Any CPU
		{8DF3CF78-57C9-4A80-9FC5-249466573267}.Release|iPhone.Build.0 = Release|Any CPU
		{8DF3CF78-57C9-4A80-9FC5-249466573267}.Release|iPhoneSimulator.ActiveCfg = Release|Any CPU
		{8DF3CF78-57C9-4A80-9FC5-249466573267}.Release|iPhoneSimulator.Build.0 = Release|Any CPU
		{8DF3CF78-57C9-4A80-9FC5-249466573267}.Release|x64.ActiveCfg = Release|Any CPU
		{8DF3CF78-57C9-4A80-9FC5-249466573267}.Release|x64.Build.0 = Release|Any CPU
		{8DF3CF78-57C9-4A80-9FC5-249466573267}.Release|x86.ActiveCfg = Release|Any CPU
		{8DF3CF78-57C9-4A80-9FC5-249466573267}.Release|x86.Build.0 = Release|Any CPU
		{65127FA4-29EA-4607-8230-64D856AAB758}.Ad-Hoc|Any CPU.ActiveCfg = Release|Any CPU
		{65127FA4-29EA-4607-8230-64D856AAB758}.Ad-Hoc|Any CPU.Build.0 = Release|Any CPU
		{65127FA4-29EA-4607-8230-64D856AAB758}.Ad-Hoc|ARM.ActiveCfg = Release|Any CPU
		{65127FA4-29EA-4607-8230-64D856AAB758}.Ad-Hoc|ARM.Build.0 = Release|Any CPU
		{65127FA4-29EA-4607-8230-64D856AAB758}.Ad-Hoc|iPhone.ActiveCfg = Release|Any CPU
		{65127FA4-29EA-4607-8230-64D856AAB758}.Ad-Hoc|iPhone.Build.0 = Release|Any CPU
		{65127FA4-29EA-4607-8230-64D856AAB758}.Ad-Hoc|iPhoneSimulator.ActiveCfg = Release|Any CPU
		{65127FA4-29EA-4607-8230-64D856AAB758}.Ad-Hoc|iPhoneSimulator.Build.0 = Release|Any CPU
		{65127FA4-29EA-4607-8230-64D856AAB758}.Ad-Hoc|x64.ActiveCfg = Release|Any CPU
		{65127FA4-29EA-4607-8230-64D856AAB758}.Ad-Hoc|x64.Build.0 = Release|Any CPU
		{65127FA4-29EA-4607-8230-64D856AAB758}.Ad-Hoc|x86.ActiveCfg = Release|Any CPU
		{65127FA4-29EA-4607-8230-64D856AAB758}.Ad-Hoc|x86.Build.0 = Release|Any CPU
		{65127FA4-29EA-4607-8230-64D856AAB758}.AppStore|Any CPU.ActiveCfg = Release|Any CPU
		{65127FA4-29EA-4607-8230-64D856AAB758}.AppStore|Any CPU.Build.0 = Release|Any CPU
		{65127FA4-29EA-4607-8230-64D856AAB758}.AppStore|ARM.ActiveCfg = Release|Any CPU
		{65127FA4-29EA-4607-8230-64D856AAB758}.AppStore|ARM.Build.0 = Release|Any CPU
		{65127FA4-29EA-4607-8230-64D856AAB758}.AppStore|iPhone.ActiveCfg = Release|Any CPU
		{65127FA4-29EA-4607-8230-64D856AAB758}.AppStore|iPhone.Build.0 = Release|Any CPU
		{65127FA4-29EA-4607-8230-64D856AAB758}.AppStore|iPhoneSimulator.ActiveCfg = Release|Any CPU
		{65127FA4-29EA-4607-8230-64D856AAB758}.AppStore|iPhoneSimulator.Build.0 = Release|Any CPU
		{65127FA4-29EA-4607-8230-64D856AAB758}.AppStore|x64.ActiveCfg = Release|Any CPU
		{65127FA4-29EA-4607-8230-64D856AAB758}.AppStore|x64.Build.0 = Release|Any CPU
		{65127FA4-29EA-4607-8230-64D856AAB758}.AppStore|x86.ActiveCfg = Release|Any CPU
		{65127FA4-29EA-4607-8230-64D856AAB758}.AppStore|x86.Build.0 = Release|Any CPU
		{65127FA4-29EA-4607-8230-64D856AAB758}.Debug|Any CPU.ActiveCfg = Debug|Any CPU
		{65127FA4-29EA-4607-8230-64D856AAB758}.Debug|Any CPU.Build.0 = Debug|Any CPU
		{65127FA4-29EA-4607-8230-64D856AAB758}.Debug|ARM.ActiveCfg = Debug|Any CPU
		{65127FA4-29EA-4607-8230-64D856AAB758}.Debug|ARM.Build.0 = Debug|Any CPU
		{65127FA4-29EA-4607-8230-64D856AAB758}.Debug|iPhone.ActiveCfg = Debug|Any CPU
		{65127FA4-29EA-4607-8230-64D856AAB758}.Debug|iPhone.Build.0 = Debug|Any CPU
		{65127FA4-29EA-4607-8230-64D856AAB758}.Debug|iPhoneSimulator.ActiveCfg = Debug|Any CPU
		{65127FA4-29EA-4607-8230-64D856AAB758}.Debug|iPhoneSimulator.Build.0 = Debug|Any CPU
		{65127FA4-29EA-4607-8230-64D856AAB758}.Debug|x64.ActiveCfg = Debug|Any CPU
		{65127FA4-29EA-4607-8230-64D856AAB758}.Debug|x64.Build.0 = Debug|Any CPU
		{65127FA4-29EA-4607-8230-64D856AAB758}.Debug|x86.ActiveCfg = Debug|Any CPU
		{65127FA4-29EA-4607-8230-64D856AAB758}.Debug|x86.Build.0 = Debug|Any CPU
		{65127FA4-29EA-4607-8230-64D856AAB758}.Release|Any CPU.ActiveCfg = Release|Any CPU
		{65127FA4-29EA-4607-8230-64D856AAB758}.Release|Any CPU.Build.0 = Release|Any CPU
		{65127FA4-29EA-4607-8230-64D856AAB758}.Release|ARM.ActiveCfg = Release|Any CPU
		{65127FA4-29EA-4607-8230-64D856AAB758}.Release|ARM.Build.0 = Release|Any CPU
		{65127FA4-29EA-4607-8230-64D856AAB758}.Release|iPhone.ActiveCfg = Release|Any CPU
		{65127FA4-29EA-4607-8230-64D856AAB758}.Release|iPhone.Build.0 = Release|Any CPU
		{65127FA4-29EA-4607-8230-64D856AAB758}.Release|iPhoneSimulator.ActiveCfg = Release|Any CPU
		{65127FA4-29EA-4607-8230-64D856AAB758}.Release|iPhoneSimulator.Build.0 = Release|Any CPU
		{65127FA4-29EA-4607-8230-64D856AAB758}.Release|x64.ActiveCfg = Release|Any CPU
		{65127FA4-29EA-4607-8230-64D856AAB758}.Release|x64.Build.0 = Release|Any CPU
		{65127FA4-29EA-4607-8230-64D856AAB758}.Release|x86.ActiveCfg = Release|Any CPU
		{65127FA4-29EA-4607-8230-64D856AAB758}.Release|x86.Build.0 = Release|Any CPU
		{1D971911-3C12-461D-8B96-C4E631EC1B7C}.Ad-Hoc|Any CPU.ActiveCfg = Release|Any CPU
		{1D971911-3C12-461D-8B96-C4E631EC1B7C}.Ad-Hoc|Any CPU.Build.0 = Release|Any CPU
		{1D971911-3C12-461D-8B96-C4E631EC1B7C}.Ad-Hoc|ARM.ActiveCfg = Release|Any CPU
		{1D971911-3C12-461D-8B96-C4E631EC1B7C}.Ad-Hoc|ARM.Build.0 = Release|Any CPU
		{1D971911-3C12-461D-8B96-C4E631EC1B7C}.Ad-Hoc|iPhone.ActiveCfg = Release|Any CPU
		{1D971911-3C12-461D-8B96-C4E631EC1B7C}.Ad-Hoc|iPhone.Build.0 = Release|Any CPU
		{1D971911-3C12-461D-8B96-C4E631EC1B7C}.Ad-Hoc|iPhoneSimulator.ActiveCfg = Release|Any CPU
		{1D971911-3C12-461D-8B96-C4E631EC1B7C}.Ad-Hoc|iPhoneSimulator.Build.0 = Release|Any CPU
		{1D971911-3C12-461D-8B96-C4E631EC1B7C}.Ad-Hoc|x64.ActiveCfg = Release|Any CPU
		{1D971911-3C12-461D-8B96-C4E631EC1B7C}.Ad-Hoc|x64.Build.0 = Release|Any CPU
		{1D971911-3C12-461D-8B96-C4E631EC1B7C}.Ad-Hoc|x86.ActiveCfg = Release|Any CPU
		{1D971911-3C12-461D-8B96-C4E631EC1B7C}.Ad-Hoc|x86.Build.0 = Release|Any CPU
		{1D971911-3C12-461D-8B96-C4E631EC1B7C}.AppStore|Any CPU.ActiveCfg = Release|Any CPU
		{1D971911-3C12-461D-8B96-C4E631EC1B7C}.AppStore|Any CPU.Build.0 = Release|Any CPU
		{1D971911-3C12-461D-8B96-C4E631EC1B7C}.AppStore|ARM.ActiveCfg = Release|Any CPU
		{1D971911-3C12-461D-8B96-C4E631EC1B7C}.AppStore|ARM.Build.0 = Release|Any CPU
		{1D971911-3C12-461D-8B96-C4E631EC1B7C}.AppStore|iPhone.ActiveCfg = Release|Any CPU
		{1D971911-3C12-461D-8B96-C4E631EC1B7C}.AppStore|iPhone.Build.0 = Release|Any CPU
		{1D971911-3C12-461D-8B96-C4E631EC1B7C}.AppStore|iPhoneSimulator.ActiveCfg = Release|Any CPU
		{1D971911-3C12-461D-8B96-C4E631EC1B7C}.AppStore|iPhoneSimulator.Build.0 = Release|Any CPU
		{1D971911-3C12-461D-8B96-C4E631EC1B7C}.AppStore|x64.ActiveCfg = Release|Any CPU
		{1D971911-3C12-461D-8B96-C4E631EC1B7C}.AppStore|x64.Build.0 = Release|Any CPU
		{1D971911-3C12-461D-8B96-C4E631EC1B7C}.AppStore|x86.ActiveCfg = Release|Any CPU
		{1D971911-3C12-461D-8B96-C4E631EC1B7C}.AppStore|x86.Build.0 = Release|Any CPU
		{1D971911-3C12-461D-8B96-C4E631EC1B7C}.Debug|Any CPU.ActiveCfg = Debug|Any CPU
		{1D971911-3C12-461D-8B96-C4E631EC1B7C}.Debug|Any CPU.Build.0 = Debug|Any CPU
		{1D971911-3C12-461D-8B96-C4E631EC1B7C}.Debug|ARM.ActiveCfg = Debug|Any CPU
		{1D971911-3C12-461D-8B96-C4E631EC1B7C}.Debug|ARM.Build.0 = Debug|Any CPU
		{1D971911-3C12-461D-8B96-C4E631EC1B7C}.Debug|iPhone.ActiveCfg = Debug|Any CPU
		{1D971911-3C12-461D-8B96-C4E631EC1B7C}.Debug|iPhone.Build.0 = Debug|Any CPU
		{1D971911-3C12-461D-8B96-C4E631EC1B7C}.Debug|iPhoneSimulator.ActiveCfg = Debug|Any CPU
		{1D971911-3C12-461D-8B96-C4E631EC1B7C}.Debug|iPhoneSimulator.Build.0 = Debug|Any CPU
		{1D971911-3C12-461D-8B96-C4E631EC1B7C}.Debug|x64.ActiveCfg = Debug|Any CPU
		{1D971911-3C12-461D-8B96-C4E631EC1B7C}.Debug|x64.Build.0 = Debug|Any CPU
		{1D971911-3C12-461D-8B96-C4E631EC1B7C}.Debug|x86.ActiveCfg = Debug|Any CPU
		{1D971911-3C12-461D-8B96-C4E631EC1B7C}.Debug|x86.Build.0 = Debug|Any CPU
		{1D971911-3C12-461D-8B96-C4E631EC1B7C}.Release|Any CPU.ActiveCfg = Release|Any CPU
		{1D971911-3C12-461D-8B96-C4E631EC1B7C}.Release|Any CPU.Build.0 = Release|Any CPU
		{1D971911-3C12-461D-8B96-C4E631EC1B7C}.Release|ARM.ActiveCfg = Release|Any CPU
		{1D971911-3C12-461D-8B96-C4E631EC1B7C}.Release|ARM.Build.0 = Release|Any CPU
		{1D971911-3C12-461D-8B96-C4E631EC1B7C}.Release|iPhone.ActiveCfg = Release|Any CPU
		{1D971911-3C12-461D-8B96-C4E631EC1B7C}.Release|iPhone.Build.0 = Release|Any CPU
		{1D971911-3C12-461D-8B96-C4E631EC1B7C}.Release|iPhoneSimulator.ActiveCfg = Release|Any CPU
		{1D971911-3C12-461D-8B96-C4E631EC1B7C}.Release|iPhoneSimulator.Build.0 = Release|Any CPU
		{1D971911-3C12-461D-8B96-C4E631EC1B7C}.Release|x64.ActiveCfg = Release|Any CPU
		{1D971911-3C12-461D-8B96-C4E631EC1B7C}.Release|x64.Build.0 = Release|Any CPU
		{1D971911-3C12-461D-8B96-C4E631EC1B7C}.Release|x86.ActiveCfg = Release|Any CPU
		{1D971911-3C12-461D-8B96-C4E631EC1B7C}.Release|x86.Build.0 = Release|Any CPU
		{E9A9DCFF-5B62-4F12-ABC7-148E384FF805}.Ad-Hoc|Any CPU.ActiveCfg = Release|Any CPU
		{E9A9DCFF-5B62-4F12-ABC7-148E384FF805}.Ad-Hoc|Any CPU.Build.0 = Release|Any CPU
		{E9A9DCFF-5B62-4F12-ABC7-148E384FF805}.Ad-Hoc|ARM.ActiveCfg = Release|Any CPU
		{E9A9DCFF-5B62-4F12-ABC7-148E384FF805}.Ad-Hoc|ARM.Build.0 = Release|Any CPU
		{E9A9DCFF-5B62-4F12-ABC7-148E384FF805}.Ad-Hoc|iPhone.ActiveCfg = Release|Any CPU
		{E9A9DCFF-5B62-4F12-ABC7-148E384FF805}.Ad-Hoc|iPhone.Build.0 = Release|Any CPU
		{E9A9DCFF-5B62-4F12-ABC7-148E384FF805}.Ad-Hoc|iPhoneSimulator.ActiveCfg = Release|Any CPU
		{E9A9DCFF-5B62-4F12-ABC7-148E384FF805}.Ad-Hoc|iPhoneSimulator.Build.0 = Release|Any CPU
		{E9A9DCFF-5B62-4F12-ABC7-148E384FF805}.Ad-Hoc|x64.ActiveCfg = Release|Any CPU
		{E9A9DCFF-5B62-4F12-ABC7-148E384FF805}.Ad-Hoc|x64.Build.0 = Release|Any CPU
		{E9A9DCFF-5B62-4F12-ABC7-148E384FF805}.Ad-Hoc|x86.ActiveCfg = Release|Any CPU
		{E9A9DCFF-5B62-4F12-ABC7-148E384FF805}.Ad-Hoc|x86.Build.0 = Release|Any CPU
		{E9A9DCFF-5B62-4F12-ABC7-148E384FF805}.AppStore|Any CPU.ActiveCfg = Release|Any CPU
		{E9A9DCFF-5B62-4F12-ABC7-148E384FF805}.AppStore|Any CPU.Build.0 = Release|Any CPU
		{E9A9DCFF-5B62-4F12-ABC7-148E384FF805}.AppStore|ARM.ActiveCfg = Release|Any CPU
		{E9A9DCFF-5B62-4F12-ABC7-148E384FF805}.AppStore|ARM.Build.0 = Release|Any CPU
		{E9A9DCFF-5B62-4F12-ABC7-148E384FF805}.AppStore|iPhone.ActiveCfg = Release|Any CPU
		{E9A9DCFF-5B62-4F12-ABC7-148E384FF805}.AppStore|iPhone.Build.0 = Release|Any CPU
		{E9A9DCFF-5B62-4F12-ABC7-148E384FF805}.AppStore|iPhoneSimulator.ActiveCfg = Release|Any CPU
		{E9A9DCFF-5B62-4F12-ABC7-148E384FF805}.AppStore|iPhoneSimulator.Build.0 = Release|Any CPU
		{E9A9DCFF-5B62-4F12-ABC7-148E384FF805}.AppStore|x64.ActiveCfg = Release|Any CPU
		{E9A9DCFF-5B62-4F12-ABC7-148E384FF805}.AppStore|x64.Build.0 = Release|Any CPU
		{E9A9DCFF-5B62-4F12-ABC7-148E384FF805}.AppStore|x86.ActiveCfg = Release|Any CPU
		{E9A9DCFF-5B62-4F12-ABC7-148E384FF805}.AppStore|x86.Build.0 = Release|Any CPU
		{E9A9DCFF-5B62-4F12-ABC7-148E384FF805}.Debug|Any CPU.ActiveCfg = Debug|Any CPU
		{E9A9DCFF-5B62-4F12-ABC7-148E384FF805}.Debug|Any CPU.Build.0 = Debug|Any CPU
		{E9A9DCFF-5B62-4F12-ABC7-148E384FF805}.Debug|ARM.ActiveCfg = Debug|Any CPU
		{E9A9DCFF-5B62-4F12-ABC7-148E384FF805}.Debug|ARM.Build.0 = Debug|Any CPU
		{E9A9DCFF-5B62-4F12-ABC7-148E384FF805}.Debug|iPhone.ActiveCfg = Debug|Any CPU
		{E9A9DCFF-5B62-4F12-ABC7-148E384FF805}.Debug|iPhone.Build.0 = Debug|Any CPU
		{E9A9DCFF-5B62-4F12-ABC7-148E384FF805}.Debug|iPhoneSimulator.ActiveCfg = Debug|Any CPU
		{E9A9DCFF-5B62-4F12-ABC7-148E384FF805}.Debug|iPhoneSimulator.Build.0 = Debug|Any CPU
		{E9A9DCFF-5B62-4F12-ABC7-148E384FF805}.Debug|x64.ActiveCfg = Debug|Any CPU
		{E9A9DCFF-5B62-4F12-ABC7-148E384FF805}.Debug|x64.Build.0 = Debug|Any CPU
		{E9A9DCFF-5B62-4F12-ABC7-148E384FF805}.Debug|x86.ActiveCfg = Debug|Any CPU
		{E9A9DCFF-5B62-4F12-ABC7-148E384FF805}.Debug|x86.Build.0 = Debug|Any CPU
		{E9A9DCFF-5B62-4F12-ABC7-148E384FF805}.Release|Any CPU.ActiveCfg = Release|Any CPU
		{E9A9DCFF-5B62-4F12-ABC7-148E384FF805}.Release|Any CPU.Build.0 = Release|Any CPU
		{E9A9DCFF-5B62-4F12-ABC7-148E384FF805}.Release|ARM.ActiveCfg = Release|Any CPU
		{E9A9DCFF-5B62-4F12-ABC7-148E384FF805}.Release|ARM.Build.0 = Release|Any CPU
		{E9A9DCFF-5B62-4F12-ABC7-148E384FF805}.Release|iPhone.ActiveCfg = Release|Any CPU
		{E9A9DCFF-5B62-4F12-ABC7-148E384FF805}.Release|iPhone.Build.0 = Release|Any CPU
		{E9A9DCFF-5B62-4F12-ABC7-148E384FF805}.Release|iPhoneSimulator.ActiveCfg = Release|Any CPU
		{E9A9DCFF-5B62-4F12-ABC7-148E384FF805}.Release|iPhoneSimulator.Build.0 = Release|Any CPU
		{E9A9DCFF-5B62-4F12-ABC7-148E384FF805}.Release|x64.ActiveCfg = Release|Any CPU
		{E9A9DCFF-5B62-4F12-ABC7-148E384FF805}.Release|x64.Build.0 = Release|Any CPU
		{E9A9DCFF-5B62-4F12-ABC7-148E384FF805}.Release|x86.ActiveCfg = Release|Any CPU
		{E9A9DCFF-5B62-4F12-ABC7-148E384FF805}.Release|x86.Build.0 = Release|Any CPU
		{DD5C9C3C-23AA-4DE7-BA5D-A89967826E4B}.Ad-Hoc|Any CPU.ActiveCfg = Release|Any CPU
		{DD5C9C3C-23AA-4DE7-BA5D-A89967826E4B}.Ad-Hoc|Any CPU.Build.0 = Release|Any CPU
		{DD5C9C3C-23AA-4DE7-BA5D-A89967826E4B}.Ad-Hoc|ARM.ActiveCfg = Release|Any CPU
		{DD5C9C3C-23AA-4DE7-BA5D-A89967826E4B}.Ad-Hoc|ARM.Build.0 = Release|Any CPU
		{DD5C9C3C-23AA-4DE7-BA5D-A89967826E4B}.Ad-Hoc|iPhone.ActiveCfg = Release|Any CPU
		{DD5C9C3C-23AA-4DE7-BA5D-A89967826E4B}.Ad-Hoc|iPhone.Build.0 = Release|Any CPU
		{DD5C9C3C-23AA-4DE7-BA5D-A89967826E4B}.Ad-Hoc|iPhoneSimulator.ActiveCfg = Release|Any CPU
		{DD5C9C3C-23AA-4DE7-BA5D-A89967826E4B}.Ad-Hoc|iPhoneSimulator.Build.0 = Release|Any CPU
		{DD5C9C3C-23AA-4DE7-BA5D-A89967826E4B}.Ad-Hoc|x64.ActiveCfg = Release|Any CPU
		{DD5C9C3C-23AA-4DE7-BA5D-A89967826E4B}.Ad-Hoc|x64.Build.0 = Release|Any CPU
		{DD5C9C3C-23AA-4DE7-BA5D-A89967826E4B}.Ad-Hoc|x86.ActiveCfg = Release|Any CPU
		{DD5C9C3C-23AA-4DE7-BA5D-A89967826E4B}.Ad-Hoc|x86.Build.0 = Release|Any CPU
		{DD5C9C3C-23AA-4DE7-BA5D-A89967826E4B}.AppStore|Any CPU.ActiveCfg = Release|Any CPU
		{DD5C9C3C-23AA-4DE7-BA5D-A89967826E4B}.AppStore|Any CPU.Build.0 = Release|Any CPU
		{DD5C9C3C-23AA-4DE7-BA5D-A89967826E4B}.AppStore|ARM.ActiveCfg = Release|Any CPU
		{DD5C9C3C-23AA-4DE7-BA5D-A89967826E4B}.AppStore|ARM.Build.0 = Release|Any CPU
		{DD5C9C3C-23AA-4DE7-BA5D-A89967826E4B}.AppStore|iPhone.ActiveCfg = Release|Any CPU
		{DD5C9C3C-23AA-4DE7-BA5D-A89967826E4B}.AppStore|iPhone.Build.0 = Release|Any CPU
		{DD5C9C3C-23AA-4DE7-BA5D-A89967826E4B}.AppStore|iPhoneSimulator.ActiveCfg = Release|Any CPU
		{DD5C9C3C-23AA-4DE7-BA5D-A89967826E4B}.AppStore|iPhoneSimulator.Build.0 = Release|Any CPU
		{DD5C9C3C-23AA-4DE7-BA5D-A89967826E4B}.AppStore|x64.ActiveCfg = Release|Any CPU
		{DD5C9C3C-23AA-4DE7-BA5D-A89967826E4B}.AppStore|x64.Build.0 = Release|Any CPU
		{DD5C9C3C-23AA-4DE7-BA5D-A89967826E4B}.AppStore|x86.ActiveCfg = Release|Any CPU
		{DD5C9C3C-23AA-4DE7-BA5D-A89967826E4B}.AppStore|x86.Build.0 = Release|Any CPU
		{DD5C9C3C-23AA-4DE7-BA5D-A89967826E4B}.Debug|Any CPU.ActiveCfg = Debug|Any CPU
		{DD5C9C3C-23AA-4DE7-BA5D-A89967826E4B}.Debug|Any CPU.Build.0 = Debug|Any CPU
		{DD5C9C3C-23AA-4DE7-BA5D-A89967826E4B}.Debug|ARM.ActiveCfg = Debug|Any CPU
		{DD5C9C3C-23AA-4DE7-BA5D-A89967826E4B}.Debug|ARM.Build.0 = Debug|Any CPU
		{DD5C9C3C-23AA-4DE7-BA5D-A89967826E4B}.Debug|iPhone.ActiveCfg = Debug|Any CPU
		{DD5C9C3C-23AA-4DE7-BA5D-A89967826E4B}.Debug|iPhone.Build.0 = Debug|Any CPU
		{DD5C9C3C-23AA-4DE7-BA5D-A89967826E4B}.Debug|iPhoneSimulator.ActiveCfg = Debug|Any CPU
		{DD5C9C3C-23AA-4DE7-BA5D-A89967826E4B}.Debug|iPhoneSimulator.Build.0 = Debug|Any CPU
		{DD5C9C3C-23AA-4DE7-BA5D-A89967826E4B}.Debug|x64.ActiveCfg = Debug|Any CPU
		{DD5C9C3C-23AA-4DE7-BA5D-A89967826E4B}.Debug|x64.Build.0 = Debug|Any CPU
		{DD5C9C3C-23AA-4DE7-BA5D-A89967826E4B}.Debug|x86.ActiveCfg = Debug|Any CPU
		{DD5C9C3C-23AA-4DE7-BA5D-A89967826E4B}.Debug|x86.Build.0 = Debug|Any CPU
		{DD5C9C3C-23AA-4DE7-BA5D-A89967826E4B}.Release|Any CPU.ActiveCfg = Release|Any CPU
		{DD5C9C3C-23AA-4DE7-BA5D-A89967826E4B}.Release|Any CPU.Build.0 = Release|Any CPU
		{DD5C9C3C-23AA-4DE7-BA5D-A89967826E4B}.Release|ARM.ActiveCfg = Release|Any CPU
		{DD5C9C3C-23AA-4DE7-BA5D-A89967826E4B}.Release|ARM.Build.0 = Release|Any CPU
		{DD5C9C3C-23AA-4DE7-BA5D-A89967826E4B}.Release|iPhone.ActiveCfg = Release|Any CPU
		{DD5C9C3C-23AA-4DE7-BA5D-A89967826E4B}.Release|iPhone.Build.0 = Release|Any CPU
		{DD5C9C3C-23AA-4DE7-BA5D-A89967826E4B}.Release|iPhoneSimulator.ActiveCfg = Release|Any CPU
		{DD5C9C3C-23AA-4DE7-BA5D-A89967826E4B}.Release|iPhoneSimulator.Build.0 = Release|Any CPU
		{DD5C9C3C-23AA-4DE7-BA5D-A89967826E4B}.Release|x64.ActiveCfg = Release|Any CPU
		{DD5C9C3C-23AA-4DE7-BA5D-A89967826E4B}.Release|x64.Build.0 = Release|Any CPU
		{DD5C9C3C-23AA-4DE7-BA5D-A89967826E4B}.Release|x86.ActiveCfg = Release|Any CPU
		{DD5C9C3C-23AA-4DE7-BA5D-A89967826E4B}.Release|x86.Build.0 = Release|Any CPU
		{0785AECE-5C70-4891-86D1-E76D9DC55661}.Ad-Hoc|Any CPU.ActiveCfg = Release|Any CPU
		{0785AECE-5C70-4891-86D1-E76D9DC55661}.Ad-Hoc|Any CPU.Build.0 = Release|Any CPU
		{0785AECE-5C70-4891-86D1-E76D9DC55661}.Ad-Hoc|Any CPU.Deploy.0 = Release|Any CPU
		{0785AECE-5C70-4891-86D1-E76D9DC55661}.Ad-Hoc|ARM.ActiveCfg = Release|Any CPU
		{0785AECE-5C70-4891-86D1-E76D9DC55661}.Ad-Hoc|ARM.Build.0 = Release|Any CPU
		{0785AECE-5C70-4891-86D1-E76D9DC55661}.Ad-Hoc|ARM.Deploy.0 = Release|Any CPU
		{0785AECE-5C70-4891-86D1-E76D9DC55661}.Ad-Hoc|iPhone.ActiveCfg = Release|Any CPU
		{0785AECE-5C70-4891-86D1-E76D9DC55661}.Ad-Hoc|iPhone.Build.0 = Release|Any CPU
		{0785AECE-5C70-4891-86D1-E76D9DC55661}.Ad-Hoc|iPhone.Deploy.0 = Release|Any CPU
		{0785AECE-5C70-4891-86D1-E76D9DC55661}.Ad-Hoc|iPhoneSimulator.ActiveCfg = Release|Any CPU
		{0785AECE-5C70-4891-86D1-E76D9DC55661}.Ad-Hoc|iPhoneSimulator.Build.0 = Release|Any CPU
		{0785AECE-5C70-4891-86D1-E76D9DC55661}.Ad-Hoc|iPhoneSimulator.Deploy.0 = Release|Any CPU
		{0785AECE-5C70-4891-86D1-E76D9DC55661}.Ad-Hoc|x64.ActiveCfg = Release|Any CPU
		{0785AECE-5C70-4891-86D1-E76D9DC55661}.Ad-Hoc|x64.Build.0 = Release|Any CPU
		{0785AECE-5C70-4891-86D1-E76D9DC55661}.Ad-Hoc|x64.Deploy.0 = Release|Any CPU
		{0785AECE-5C70-4891-86D1-E76D9DC55661}.Ad-Hoc|x86.ActiveCfg = Release|Any CPU
		{0785AECE-5C70-4891-86D1-E76D9DC55661}.Ad-Hoc|x86.Build.0 = Release|Any CPU
		{0785AECE-5C70-4891-86D1-E76D9DC55661}.Ad-Hoc|x86.Deploy.0 = Release|Any CPU
		{0785AECE-5C70-4891-86D1-E76D9DC55661}.AppStore|Any CPU.ActiveCfg = Release|Any CPU
		{0785AECE-5C70-4891-86D1-E76D9DC55661}.AppStore|Any CPU.Build.0 = Release|Any CPU
		{0785AECE-5C70-4891-86D1-E76D9DC55661}.AppStore|Any CPU.Deploy.0 = Release|Any CPU
		{0785AECE-5C70-4891-86D1-E76D9DC55661}.AppStore|ARM.ActiveCfg = Release|Any CPU
		{0785AECE-5C70-4891-86D1-E76D9DC55661}.AppStore|ARM.Build.0 = Release|Any CPU
		{0785AECE-5C70-4891-86D1-E76D9DC55661}.AppStore|ARM.Deploy.0 = Release|Any CPU
		{0785AECE-5C70-4891-86D1-E76D9DC55661}.AppStore|iPhone.ActiveCfg = Release|Any CPU
		{0785AECE-5C70-4891-86D1-E76D9DC55661}.AppStore|iPhone.Build.0 = Release|Any CPU
		{0785AECE-5C70-4891-86D1-E76D9DC55661}.AppStore|iPhone.Deploy.0 = Release|Any CPU
		{0785AECE-5C70-4891-86D1-E76D9DC55661}.AppStore|iPhoneSimulator.ActiveCfg = Release|Any CPU
		{0785AECE-5C70-4891-86D1-E76D9DC55661}.AppStore|iPhoneSimulator.Build.0 = Release|Any CPU
		{0785AECE-5C70-4891-86D1-E76D9DC55661}.AppStore|iPhoneSimulator.Deploy.0 = Release|Any CPU
		{0785AECE-5C70-4891-86D1-E76D9DC55661}.AppStore|x64.ActiveCfg = Release|Any CPU
		{0785AECE-5C70-4891-86D1-E76D9DC55661}.AppStore|x64.Build.0 = Release|Any CPU
		{0785AECE-5C70-4891-86D1-E76D9DC55661}.AppStore|x64.Deploy.0 = Release|Any CPU
		{0785AECE-5C70-4891-86D1-E76D9DC55661}.AppStore|x86.ActiveCfg = Release|Any CPU
		{0785AECE-5C70-4891-86D1-E76D9DC55661}.AppStore|x86.Build.0 = Release|Any CPU
		{0785AECE-5C70-4891-86D1-E76D9DC55661}.AppStore|x86.Deploy.0 = Release|Any CPU
		{0785AECE-5C70-4891-86D1-E76D9DC55661}.Debug|Any CPU.ActiveCfg = Debug|Any CPU
		{0785AECE-5C70-4891-86D1-E76D9DC55661}.Debug|Any CPU.Build.0 = Debug|Any CPU
		{0785AECE-5C70-4891-86D1-E76D9DC55661}.Debug|Any CPU.Deploy.0 = Debug|Any CPU
		{0785AECE-5C70-4891-86D1-E76D9DC55661}.Debug|ARM.ActiveCfg = Debug|Any CPU
		{0785AECE-5C70-4891-86D1-E76D9DC55661}.Debug|ARM.Build.0 = Debug|Any CPU
		{0785AECE-5C70-4891-86D1-E76D9DC55661}.Debug|ARM.Deploy.0 = Debug|Any CPU
		{0785AECE-5C70-4891-86D1-E76D9DC55661}.Debug|iPhone.ActiveCfg = Debug|Any CPU
		{0785AECE-5C70-4891-86D1-E76D9DC55661}.Debug|iPhone.Build.0 = Debug|Any CPU
		{0785AECE-5C70-4891-86D1-E76D9DC55661}.Debug|iPhone.Deploy.0 = Debug|Any CPU
		{0785AECE-5C70-4891-86D1-E76D9DC55661}.Debug|iPhoneSimulator.ActiveCfg = Debug|Any CPU
		{0785AECE-5C70-4891-86D1-E76D9DC55661}.Debug|iPhoneSimulator.Build.0 = Debug|Any CPU
		{0785AECE-5C70-4891-86D1-E76D9DC55661}.Debug|iPhoneSimulator.Deploy.0 = Debug|Any CPU
		{0785AECE-5C70-4891-86D1-E76D9DC55661}.Debug|x64.ActiveCfg = Debug|Any CPU
		{0785AECE-5C70-4891-86D1-E76D9DC55661}.Debug|x64.Build.0 = Debug|Any CPU
		{0785AECE-5C70-4891-86D1-E76D9DC55661}.Debug|x64.Deploy.0 = Debug|Any CPU
		{0785AECE-5C70-4891-86D1-E76D9DC55661}.Debug|x86.ActiveCfg = Debug|Any CPU
		{0785AECE-5C70-4891-86D1-E76D9DC55661}.Debug|x86.Build.0 = Debug|Any CPU
		{0785AECE-5C70-4891-86D1-E76D9DC55661}.Debug|x86.Deploy.0 = Debug|Any CPU
		{0785AECE-5C70-4891-86D1-E76D9DC55661}.Release|Any CPU.ActiveCfg = Release|Any CPU
		{0785AECE-5C70-4891-86D1-E76D9DC55661}.Release|Any CPU.Build.0 = Release|Any CPU
		{0785AECE-5C70-4891-86D1-E76D9DC55661}.Release|Any CPU.Deploy.0 = Release|Any CPU
		{0785AECE-5C70-4891-86D1-E76D9DC55661}.Release|ARM.ActiveCfg = Release|Any CPU
		{0785AECE-5C70-4891-86D1-E76D9DC55661}.Release|ARM.Build.0 = Release|Any CPU
		{0785AECE-5C70-4891-86D1-E76D9DC55661}.Release|ARM.Deploy.0 = Release|Any CPU
		{0785AECE-5C70-4891-86D1-E76D9DC55661}.Release|iPhone.ActiveCfg = Release|Any CPU
		{0785AECE-5C70-4891-86D1-E76D9DC55661}.Release|iPhone.Build.0 = Release|Any CPU
		{0785AECE-5C70-4891-86D1-E76D9DC55661}.Release|iPhone.Deploy.0 = Release|Any CPU
		{0785AECE-5C70-4891-86D1-E76D9DC55661}.Release|iPhoneSimulator.ActiveCfg = Release|Any CPU
		{0785AECE-5C70-4891-86D1-E76D9DC55661}.Release|iPhoneSimulator.Build.0 = Release|Any CPU
		{0785AECE-5C70-4891-86D1-E76D9DC55661}.Release|iPhoneSimulator.Deploy.0 = Release|Any CPU
		{0785AECE-5C70-4891-86D1-E76D9DC55661}.Release|x64.ActiveCfg = Release|Any CPU
		{0785AECE-5C70-4891-86D1-E76D9DC55661}.Release|x64.Build.0 = Release|Any CPU
		{0785AECE-5C70-4891-86D1-E76D9DC55661}.Release|x64.Deploy.0 = Release|Any CPU
		{0785AECE-5C70-4891-86D1-E76D9DC55661}.Release|x86.ActiveCfg = Release|Any CPU
		{0785AECE-5C70-4891-86D1-E76D9DC55661}.Release|x86.Build.0 = Release|Any CPU
		{0785AECE-5C70-4891-86D1-E76D9DC55661}.Release|x86.Deploy.0 = Release|Any CPU
		{ABAA0062-BCF8-456B-A70F-8D2D52C785E7}.Ad-Hoc|Any CPU.ActiveCfg = Release|Any CPU
		{ABAA0062-BCF8-456B-A70F-8D2D52C785E7}.Ad-Hoc|Any CPU.Build.0 = Release|Any CPU
		{ABAA0062-BCF8-456B-A70F-8D2D52C785E7}.Ad-Hoc|ARM.ActiveCfg = Release|Any CPU
		{ABAA0062-BCF8-456B-A70F-8D2D52C785E7}.Ad-Hoc|ARM.Build.0 = Release|Any CPU
		{ABAA0062-BCF8-456B-A70F-8D2D52C785E7}.Ad-Hoc|iPhone.ActiveCfg = Release|Any CPU
		{ABAA0062-BCF8-456B-A70F-8D2D52C785E7}.Ad-Hoc|iPhone.Build.0 = Release|Any CPU
		{ABAA0062-BCF8-456B-A70F-8D2D52C785E7}.Ad-Hoc|iPhoneSimulator.ActiveCfg = Release|Any CPU
		{ABAA0062-BCF8-456B-A70F-8D2D52C785E7}.Ad-Hoc|iPhoneSimulator.Build.0 = Release|Any CPU
		{ABAA0062-BCF8-456B-A70F-8D2D52C785E7}.Ad-Hoc|x64.ActiveCfg = Release|Any CPU
		{ABAA0062-BCF8-456B-A70F-8D2D52C785E7}.Ad-Hoc|x64.Build.0 = Release|Any CPU
		{ABAA0062-BCF8-456B-A70F-8D2D52C785E7}.Ad-Hoc|x86.ActiveCfg = Release|Any CPU
		{ABAA0062-BCF8-456B-A70F-8D2D52C785E7}.Ad-Hoc|x86.Build.0 = Release|Any CPU
		{ABAA0062-BCF8-456B-A70F-8D2D52C785E7}.AppStore|Any CPU.ActiveCfg = Release|Any CPU
		{ABAA0062-BCF8-456B-A70F-8D2D52C785E7}.AppStore|Any CPU.Build.0 = Release|Any CPU
		{ABAA0062-BCF8-456B-A70F-8D2D52C785E7}.AppStore|ARM.ActiveCfg = Release|Any CPU
		{ABAA0062-BCF8-456B-A70F-8D2D52C785E7}.AppStore|ARM.Build.0 = Release|Any CPU
		{ABAA0062-BCF8-456B-A70F-8D2D52C785E7}.AppStore|iPhone.ActiveCfg = Release|Any CPU
		{ABAA0062-BCF8-456B-A70F-8D2D52C785E7}.AppStore|iPhone.Build.0 = Release|Any CPU
		{ABAA0062-BCF8-456B-A70F-8D2D52C785E7}.AppStore|iPhoneSimulator.ActiveCfg = Release|Any CPU
		{ABAA0062-BCF8-456B-A70F-8D2D52C785E7}.AppStore|iPhoneSimulator.Build.0 = Release|Any CPU
		{ABAA0062-BCF8-456B-A70F-8D2D52C785E7}.AppStore|x64.ActiveCfg = Release|Any CPU
		{ABAA0062-BCF8-456B-A70F-8D2D52C785E7}.AppStore|x64.Build.0 = Release|Any CPU
		{ABAA0062-BCF8-456B-A70F-8D2D52C785E7}.AppStore|x86.ActiveCfg = Release|Any CPU
		{ABAA0062-BCF8-456B-A70F-8D2D52C785E7}.AppStore|x86.Build.0 = Release|Any CPU
		{ABAA0062-BCF8-456B-A70F-8D2D52C785E7}.Debug|Any CPU.ActiveCfg = Debug|Any CPU
		{ABAA0062-BCF8-456B-A70F-8D2D52C785E7}.Debug|Any CPU.Build.0 = Debug|Any CPU
		{ABAA0062-BCF8-456B-A70F-8D2D52C785E7}.Debug|ARM.ActiveCfg = Debug|Any CPU
		{ABAA0062-BCF8-456B-A70F-8D2D52C785E7}.Debug|ARM.Build.0 = Debug|Any CPU
		{ABAA0062-BCF8-456B-A70F-8D2D52C785E7}.Debug|iPhone.ActiveCfg = Debug|Any CPU
		{ABAA0062-BCF8-456B-A70F-8D2D52C785E7}.Debug|iPhone.Build.0 = Debug|Any CPU
		{ABAA0062-BCF8-456B-A70F-8D2D52C785E7}.Debug|iPhoneSimulator.ActiveCfg = Debug|Any CPU
		{ABAA0062-BCF8-456B-A70F-8D2D52C785E7}.Debug|iPhoneSimulator.Build.0 = Debug|Any CPU
		{ABAA0062-BCF8-456B-A70F-8D2D52C785E7}.Debug|x64.ActiveCfg = Debug|Any CPU
		{ABAA0062-BCF8-456B-A70F-8D2D52C785E7}.Debug|x64.Build.0 = Debug|Any CPU
		{ABAA0062-BCF8-456B-A70F-8D2D52C785E7}.Debug|x86.ActiveCfg = Debug|Any CPU
		{ABAA0062-BCF8-456B-A70F-8D2D52C785E7}.Debug|x86.Build.0 = Debug|Any CPU
		{ABAA0062-BCF8-456B-A70F-8D2D52C785E7}.Release|Any CPU.ActiveCfg = Release|Any CPU
		{ABAA0062-BCF8-456B-A70F-8D2D52C785E7}.Release|Any CPU.Build.0 = Release|Any CPU
		{ABAA0062-BCF8-456B-A70F-8D2D52C785E7}.Release|ARM.ActiveCfg = Release|Any CPU
		{ABAA0062-BCF8-456B-A70F-8D2D52C785E7}.Release|ARM.Build.0 = Release|Any CPU
		{ABAA0062-BCF8-456B-A70F-8D2D52C785E7}.Release|iPhone.ActiveCfg = Release|Any CPU
		{ABAA0062-BCF8-456B-A70F-8D2D52C785E7}.Release|iPhone.Build.0 = Release|Any CPU
		{ABAA0062-BCF8-456B-A70F-8D2D52C785E7}.Release|iPhoneSimulator.ActiveCfg = Release|Any CPU
		{ABAA0062-BCF8-456B-A70F-8D2D52C785E7}.Release|iPhoneSimulator.Build.0 = Release|Any CPU
		{ABAA0062-BCF8-456B-A70F-8D2D52C785E7}.Release|x64.ActiveCfg = Release|Any CPU
		{ABAA0062-BCF8-456B-A70F-8D2D52C785E7}.Release|x64.Build.0 = Release|Any CPU
		{ABAA0062-BCF8-456B-A70F-8D2D52C785E7}.Release|x86.ActiveCfg = Release|Any CPU
		{ABAA0062-BCF8-456B-A70F-8D2D52C785E7}.Release|x86.Build.0 = Release|Any CPU
		{B6FAAEC5-979F-4C0A-9AD1-FE5BEE8C9300}.Ad-Hoc|Any CPU.ActiveCfg = Ad-Hoc|iPhone
		{B6FAAEC5-979F-4C0A-9AD1-FE5BEE8C9300}.Ad-Hoc|ARM.ActiveCfg = Ad-Hoc|iPhone
		{B6FAAEC5-979F-4C0A-9AD1-FE5BEE8C9300}.Ad-Hoc|iPhone.ActiveCfg = Ad-Hoc|iPhone
		{B6FAAEC5-979F-4C0A-9AD1-FE5BEE8C9300}.Ad-Hoc|iPhone.Build.0 = Ad-Hoc|iPhone
		{B6FAAEC5-979F-4C0A-9AD1-FE5BEE8C9300}.Ad-Hoc|iPhoneSimulator.ActiveCfg = Ad-Hoc|iPhoneSimulator
		{B6FAAEC5-979F-4C0A-9AD1-FE5BEE8C9300}.Ad-Hoc|iPhoneSimulator.Build.0 = Ad-Hoc|iPhoneSimulator
		{B6FAAEC5-979F-4C0A-9AD1-FE5BEE8C9300}.Ad-Hoc|x64.ActiveCfg = Ad-Hoc|iPhone
		{B6FAAEC5-979F-4C0A-9AD1-FE5BEE8C9300}.Ad-Hoc|x86.ActiveCfg = Ad-Hoc|iPhone
		{B6FAAEC5-979F-4C0A-9AD1-FE5BEE8C9300}.AppStore|Any CPU.ActiveCfg = AppStore|iPhone
		{B6FAAEC5-979F-4C0A-9AD1-FE5BEE8C9300}.AppStore|ARM.ActiveCfg = AppStore|iPhone
		{B6FAAEC5-979F-4C0A-9AD1-FE5BEE8C9300}.AppStore|iPhone.ActiveCfg = AppStore|iPhone
		{B6FAAEC5-979F-4C0A-9AD1-FE5BEE8C9300}.AppStore|iPhone.Build.0 = AppStore|iPhone
		{B6FAAEC5-979F-4C0A-9AD1-FE5BEE8C9300}.AppStore|iPhoneSimulator.ActiveCfg = AppStore|iPhoneSimulator
		{B6FAAEC5-979F-4C0A-9AD1-FE5BEE8C9300}.AppStore|iPhoneSimulator.Build.0 = AppStore|iPhoneSimulator
		{B6FAAEC5-979F-4C0A-9AD1-FE5BEE8C9300}.AppStore|x64.ActiveCfg = AppStore|iPhone
		{B6FAAEC5-979F-4C0A-9AD1-FE5BEE8C9300}.AppStore|x86.ActiveCfg = AppStore|iPhone
		{B6FAAEC5-979F-4C0A-9AD1-FE5BEE8C9300}.Debug|Any CPU.ActiveCfg = Debug|iPhone
		{B6FAAEC5-979F-4C0A-9AD1-FE5BEE8C9300}.Debug|ARM.ActiveCfg = Debug|iPhone
		{B6FAAEC5-979F-4C0A-9AD1-FE5BEE8C9300}.Debug|iPhone.ActiveCfg = Debug|iPhone
		{B6FAAEC5-979F-4C0A-9AD1-FE5BEE8C9300}.Debug|iPhone.Build.0 = Debug|iPhone
		{B6FAAEC5-979F-4C0A-9AD1-FE5BEE8C9300}.Debug|iPhoneSimulator.ActiveCfg = Debug|iPhoneSimulator
		{B6FAAEC5-979F-4C0A-9AD1-FE5BEE8C9300}.Debug|iPhoneSimulator.Build.0 = Debug|iPhoneSimulator
		{B6FAAEC5-979F-4C0A-9AD1-FE5BEE8C9300}.Debug|x64.ActiveCfg = Debug|iPhone
		{B6FAAEC5-979F-4C0A-9AD1-FE5BEE8C9300}.Debug|x86.ActiveCfg = Debug|iPhone
		{B6FAAEC5-979F-4C0A-9AD1-FE5BEE8C9300}.Release|Any CPU.ActiveCfg = Release|iPhone
		{B6FAAEC5-979F-4C0A-9AD1-FE5BEE8C9300}.Release|ARM.ActiveCfg = Release|iPhone
		{B6FAAEC5-979F-4C0A-9AD1-FE5BEE8C9300}.Release|iPhone.ActiveCfg = Release|iPhone
		{B6FAAEC5-979F-4C0A-9AD1-FE5BEE8C9300}.Release|iPhone.Build.0 = Release|iPhone
		{B6FAAEC5-979F-4C0A-9AD1-FE5BEE8C9300}.Release|iPhoneSimulator.ActiveCfg = Release|iPhoneSimulator
		{B6FAAEC5-979F-4C0A-9AD1-FE5BEE8C9300}.Release|iPhoneSimulator.Build.0 = Release|iPhoneSimulator
		{B6FAAEC5-979F-4C0A-9AD1-FE5BEE8C9300}.Release|x64.ActiveCfg = Release|iPhone
		{B6FAAEC5-979F-4C0A-9AD1-FE5BEE8C9300}.Release|x86.ActiveCfg = Release|iPhone
		{A5F23BC9-B134-4F85-B08C-264DC2F56C04}.Ad-Hoc|Any CPU.ActiveCfg = Release|Any CPU
		{A5F23BC9-B134-4F85-B08C-264DC2F56C04}.Ad-Hoc|Any CPU.Build.0 = Release|Any CPU
		{A5F23BC9-B134-4F85-B08C-264DC2F56C04}.Ad-Hoc|ARM.ActiveCfg = Release|Any CPU
		{A5F23BC9-B134-4F85-B08C-264DC2F56C04}.Ad-Hoc|ARM.Build.0 = Release|Any CPU
		{A5F23BC9-B134-4F85-B08C-264DC2F56C04}.Ad-Hoc|iPhone.ActiveCfg = Release|Any CPU
		{A5F23BC9-B134-4F85-B08C-264DC2F56C04}.Ad-Hoc|iPhone.Build.0 = Release|Any CPU
		{A5F23BC9-B134-4F85-B08C-264DC2F56C04}.Ad-Hoc|iPhoneSimulator.ActiveCfg = Release|Any CPU
		{A5F23BC9-B134-4F85-B08C-264DC2F56C04}.Ad-Hoc|iPhoneSimulator.Build.0 = Release|Any CPU
		{A5F23BC9-B134-4F85-B08C-264DC2F56C04}.Ad-Hoc|x64.ActiveCfg = Release|Any CPU
		{A5F23BC9-B134-4F85-B08C-264DC2F56C04}.Ad-Hoc|x64.Build.0 = Release|Any CPU
		{A5F23BC9-B134-4F85-B08C-264DC2F56C04}.Ad-Hoc|x86.ActiveCfg = Release|Any CPU
		{A5F23BC9-B134-4F85-B08C-264DC2F56C04}.Ad-Hoc|x86.Build.0 = Release|Any CPU
		{A5F23BC9-B134-4F85-B08C-264DC2F56C04}.AppStore|Any CPU.ActiveCfg = Release|Any CPU
		{A5F23BC9-B134-4F85-B08C-264DC2F56C04}.AppStore|Any CPU.Build.0 = Release|Any CPU
		{A5F23BC9-B134-4F85-B08C-264DC2F56C04}.AppStore|ARM.ActiveCfg = Release|Any CPU
		{A5F23BC9-B134-4F85-B08C-264DC2F56C04}.AppStore|ARM.Build.0 = Release|Any CPU
		{A5F23BC9-B134-4F85-B08C-264DC2F56C04}.AppStore|iPhone.ActiveCfg = Release|Any CPU
		{A5F23BC9-B134-4F85-B08C-264DC2F56C04}.AppStore|iPhone.Build.0 = Release|Any CPU
		{A5F23BC9-B134-4F85-B08C-264DC2F56C04}.AppStore|iPhoneSimulator.ActiveCfg = Release|Any CPU
		{A5F23BC9-B134-4F85-B08C-264DC2F56C04}.AppStore|iPhoneSimulator.Build.0 = Release|Any CPU
		{A5F23BC9-B134-4F85-B08C-264DC2F56C04}.AppStore|x64.ActiveCfg = Release|Any CPU
		{A5F23BC9-B134-4F85-B08C-264DC2F56C04}.AppStore|x64.Build.0 = Release|Any CPU
		{A5F23BC9-B134-4F85-B08C-264DC2F56C04}.AppStore|x86.ActiveCfg = Release|Any CPU
		{A5F23BC9-B134-4F85-B08C-264DC2F56C04}.AppStore|x86.Build.0 = Release|Any CPU
		{A5F23BC9-B134-4F85-B08C-264DC2F56C04}.Debug|Any CPU.ActiveCfg = Debug|Any CPU
		{A5F23BC9-B134-4F85-B08C-264DC2F56C04}.Debug|Any CPU.Build.0 = Debug|Any CPU
		{A5F23BC9-B134-4F85-B08C-264DC2F56C04}.Debug|ARM.ActiveCfg = Debug|Any CPU
		{A5F23BC9-B134-4F85-B08C-264DC2F56C04}.Debug|ARM.Build.0 = Debug|Any CPU
		{A5F23BC9-B134-4F85-B08C-264DC2F56C04}.Debug|iPhone.ActiveCfg = Debug|Any CPU
		{A5F23BC9-B134-4F85-B08C-264DC2F56C04}.Debug|iPhone.Build.0 = Debug|Any CPU
		{A5F23BC9-B134-4F85-B08C-264DC2F56C04}.Debug|iPhoneSimulator.ActiveCfg = Debug|Any CPU
		{A5F23BC9-B134-4F85-B08C-264DC2F56C04}.Debug|iPhoneSimulator.Build.0 = Debug|Any CPU
		{A5F23BC9-B134-4F85-B08C-264DC2F56C04}.Debug|x64.ActiveCfg = Debug|Any CPU
		{A5F23BC9-B134-4F85-B08C-264DC2F56C04}.Debug|x64.Build.0 = Debug|Any CPU
		{A5F23BC9-B134-4F85-B08C-264DC2F56C04}.Debug|x86.ActiveCfg = Debug|Any CPU
		{A5F23BC9-B134-4F85-B08C-264DC2F56C04}.Debug|x86.Build.0 = Debug|Any CPU
		{A5F23BC9-B134-4F85-B08C-264DC2F56C04}.Release|Any CPU.ActiveCfg = Release|Any CPU
		{A5F23BC9-B134-4F85-B08C-264DC2F56C04}.Release|Any CPU.Build.0 = Release|Any CPU
		{A5F23BC9-B134-4F85-B08C-264DC2F56C04}.Release|ARM.ActiveCfg = Release|Any CPU
		{A5F23BC9-B134-4F85-B08C-264DC2F56C04}.Release|ARM.Build.0 = Release|Any CPU
		{A5F23BC9-B134-4F85-B08C-264DC2F56C04}.Release|iPhone.ActiveCfg = Release|Any CPU
		{A5F23BC9-B134-4F85-B08C-264DC2F56C04}.Release|iPhone.Build.0 = Release|Any CPU
		{A5F23BC9-B134-4F85-B08C-264DC2F56C04}.Release|iPhoneSimulator.ActiveCfg = Release|Any CPU
		{A5F23BC9-B134-4F85-B08C-264DC2F56C04}.Release|iPhoneSimulator.Build.0 = Release|Any CPU
		{A5F23BC9-B134-4F85-B08C-264DC2F56C04}.Release|x64.ActiveCfg = Release|Any CPU
		{A5F23BC9-B134-4F85-B08C-264DC2F56C04}.Release|x64.Build.0 = Release|Any CPU
		{A5F23BC9-B134-4F85-B08C-264DC2F56C04}.Release|x86.ActiveCfg = Release|Any CPU
		{A5F23BC9-B134-4F85-B08C-264DC2F56C04}.Release|x86.Build.0 = Release|Any CPU
		{AF5A4C80-986F-4F03-AD75-9E8AAF0C5486}.Ad-Hoc|Any CPU.ActiveCfg = Release|Any CPU
		{AF5A4C80-986F-4F03-AD75-9E8AAF0C5486}.Ad-Hoc|Any CPU.Build.0 = Release|Any CPU
		{AF5A4C80-986F-4F03-AD75-9E8AAF0C5486}.Ad-Hoc|ARM.ActiveCfg = Release|Any CPU
		{AF5A4C80-986F-4F03-AD75-9E8AAF0C5486}.Ad-Hoc|ARM.Build.0 = Release|Any CPU
		{AF5A4C80-986F-4F03-AD75-9E8AAF0C5486}.Ad-Hoc|iPhone.ActiveCfg = Release|Any CPU
		{AF5A4C80-986F-4F03-AD75-9E8AAF0C5486}.Ad-Hoc|iPhone.Build.0 = Release|Any CPU
		{AF5A4C80-986F-4F03-AD75-9E8AAF0C5486}.Ad-Hoc|iPhoneSimulator.ActiveCfg = Release|Any CPU
		{AF5A4C80-986F-4F03-AD75-9E8AAF0C5486}.Ad-Hoc|iPhoneSimulator.Build.0 = Release|Any CPU
		{AF5A4C80-986F-4F03-AD75-9E8AAF0C5486}.Ad-Hoc|x64.ActiveCfg = Release|Any CPU
		{AF5A4C80-986F-4F03-AD75-9E8AAF0C5486}.Ad-Hoc|x64.Build.0 = Release|Any CPU
		{AF5A4C80-986F-4F03-AD75-9E8AAF0C5486}.Ad-Hoc|x86.ActiveCfg = Release|Any CPU
		{AF5A4C80-986F-4F03-AD75-9E8AAF0C5486}.Ad-Hoc|x86.Build.0 = Release|Any CPU
		{AF5A4C80-986F-4F03-AD75-9E8AAF0C5486}.AppStore|Any CPU.ActiveCfg = Release|Any CPU
		{AF5A4C80-986F-4F03-AD75-9E8AAF0C5486}.AppStore|Any CPU.Build.0 = Release|Any CPU
		{AF5A4C80-986F-4F03-AD75-9E8AAF0C5486}.AppStore|ARM.ActiveCfg = Release|Any CPU
		{AF5A4C80-986F-4F03-AD75-9E8AAF0C5486}.AppStore|ARM.Build.0 = Release|Any CPU
		{AF5A4C80-986F-4F03-AD75-9E8AAF0C5486}.AppStore|iPhone.ActiveCfg = Release|Any CPU
		{AF5A4C80-986F-4F03-AD75-9E8AAF0C5486}.AppStore|iPhone.Build.0 = Release|Any CPU
		{AF5A4C80-986F-4F03-AD75-9E8AAF0C5486}.AppStore|iPhoneSimulator.ActiveCfg = Release|Any CPU
		{AF5A4C80-986F-4F03-AD75-9E8AAF0C5486}.AppStore|iPhoneSimulator.Build.0 = Release|Any CPU
		{AF5A4C80-986F-4F03-AD75-9E8AAF0C5486}.AppStore|x64.ActiveCfg = Release|Any CPU
		{AF5A4C80-986F-4F03-AD75-9E8AAF0C5486}.AppStore|x64.Build.0 = Release|Any CPU
		{AF5A4C80-986F-4F03-AD75-9E8AAF0C5486}.AppStore|x86.ActiveCfg = Release|Any CPU
		{AF5A4C80-986F-4F03-AD75-9E8AAF0C5486}.AppStore|x86.Build.0 = Release|Any CPU
		{AF5A4C80-986F-4F03-AD75-9E8AAF0C5486}.Debug|Any CPU.ActiveCfg = Debug|Any CPU
		{AF5A4C80-986F-4F03-AD75-9E8AAF0C5486}.Debug|Any CPU.Build.0 = Debug|Any CPU
		{AF5A4C80-986F-4F03-AD75-9E8AAF0C5486}.Debug|ARM.ActiveCfg = Debug|Any CPU
		{AF5A4C80-986F-4F03-AD75-9E8AAF0C5486}.Debug|ARM.Build.0 = Debug|Any CPU
		{AF5A4C80-986F-4F03-AD75-9E8AAF0C5486}.Debug|iPhone.ActiveCfg = Debug|Any CPU
		{AF5A4C80-986F-4F03-AD75-9E8AAF0C5486}.Debug|iPhone.Build.0 = Debug|Any CPU
		{AF5A4C80-986F-4F03-AD75-9E8AAF0C5486}.Debug|iPhoneSimulator.ActiveCfg = Debug|Any CPU
		{AF5A4C80-986F-4F03-AD75-9E8AAF0C5486}.Debug|iPhoneSimulator.Build.0 = Debug|Any CPU
		{AF5A4C80-986F-4F03-AD75-9E8AAF0C5486}.Debug|x64.ActiveCfg = Debug|Any CPU
		{AF5A4C80-986F-4F03-AD75-9E8AAF0C5486}.Debug|x64.Build.0 = Debug|Any CPU
		{AF5A4C80-986F-4F03-AD75-9E8AAF0C5486}.Debug|x86.ActiveCfg = Debug|Any CPU
		{AF5A4C80-986F-4F03-AD75-9E8AAF0C5486}.Debug|x86.Build.0 = Debug|Any CPU
		{AF5A4C80-986F-4F03-AD75-9E8AAF0C5486}.Release|Any CPU.ActiveCfg = Release|Any CPU
		{AF5A4C80-986F-4F03-AD75-9E8AAF0C5486}.Release|Any CPU.Build.0 = Release|Any CPU
		{AF5A4C80-986F-4F03-AD75-9E8AAF0C5486}.Release|ARM.ActiveCfg = Release|Any CPU
		{AF5A4C80-986F-4F03-AD75-9E8AAF0C5486}.Release|ARM.Build.0 = Release|Any CPU
		{AF5A4C80-986F-4F03-AD75-9E8AAF0C5486}.Release|iPhone.ActiveCfg = Release|Any CPU
		{AF5A4C80-986F-4F03-AD75-9E8AAF0C5486}.Release|iPhone.Build.0 = Release|Any CPU
		{AF5A4C80-986F-4F03-AD75-9E8AAF0C5486}.Release|iPhoneSimulator.ActiveCfg = Release|Any CPU
		{AF5A4C80-986F-4F03-AD75-9E8AAF0C5486}.Release|iPhoneSimulator.Build.0 = Release|Any CPU
		{AF5A4C80-986F-4F03-AD75-9E8AAF0C5486}.Release|x64.ActiveCfg = Release|Any CPU
		{AF5A4C80-986F-4F03-AD75-9E8AAF0C5486}.Release|x64.Build.0 = Release|Any CPU
		{AF5A4C80-986F-4F03-AD75-9E8AAF0C5486}.Release|x86.ActiveCfg = Release|Any CPU
		{AF5A4C80-986F-4F03-AD75-9E8AAF0C5486}.Release|x86.Build.0 = Release|Any CPU
		{3AF0C2D5-A8A5-4575-B6A8-D1253FD8787F}.Ad-Hoc|Any CPU.ActiveCfg = Release|Any CPU
		{3AF0C2D5-A8A5-4575-B6A8-D1253FD8787F}.Ad-Hoc|Any CPU.Build.0 = Release|Any CPU
		{3AF0C2D5-A8A5-4575-B6A8-D1253FD8787F}.Ad-Hoc|ARM.ActiveCfg = Release|ARM
		{3AF0C2D5-A8A5-4575-B6A8-D1253FD8787F}.Ad-Hoc|ARM.Build.0 = Release|ARM
		{3AF0C2D5-A8A5-4575-B6A8-D1253FD8787F}.Ad-Hoc|iPhone.ActiveCfg = Release|Any CPU
		{3AF0C2D5-A8A5-4575-B6A8-D1253FD8787F}.Ad-Hoc|iPhone.Build.0 = Release|Any CPU
		{3AF0C2D5-A8A5-4575-B6A8-D1253FD8787F}.Ad-Hoc|iPhoneSimulator.ActiveCfg = Release|Any CPU
		{3AF0C2D5-A8A5-4575-B6A8-D1253FD8787F}.Ad-Hoc|iPhoneSimulator.Build.0 = Release|Any CPU
		{3AF0C2D5-A8A5-4575-B6A8-D1253FD8787F}.Ad-Hoc|x64.ActiveCfg = Release|x64
		{3AF0C2D5-A8A5-4575-B6A8-D1253FD8787F}.Ad-Hoc|x64.Build.0 = Release|x64
		{3AF0C2D5-A8A5-4575-B6A8-D1253FD8787F}.Ad-Hoc|x86.ActiveCfg = Release|x86
		{3AF0C2D5-A8A5-4575-B6A8-D1253FD8787F}.Ad-Hoc|x86.Build.0 = Release|x86
		{3AF0C2D5-A8A5-4575-B6A8-D1253FD8787F}.AppStore|Any CPU.ActiveCfg = Release|Any CPU
		{3AF0C2D5-A8A5-4575-B6A8-D1253FD8787F}.AppStore|Any CPU.Build.0 = Release|Any CPU
		{3AF0C2D5-A8A5-4575-B6A8-D1253FD8787F}.AppStore|ARM.ActiveCfg = Release|ARM
		{3AF0C2D5-A8A5-4575-B6A8-D1253FD8787F}.AppStore|ARM.Build.0 = Release|ARM
		{3AF0C2D5-A8A5-4575-B6A8-D1253FD8787F}.AppStore|iPhone.ActiveCfg = Release|Any CPU
		{3AF0C2D5-A8A5-4575-B6A8-D1253FD8787F}.AppStore|iPhone.Build.0 = Release|Any CPU
		{3AF0C2D5-A8A5-4575-B6A8-D1253FD8787F}.AppStore|iPhoneSimulator.ActiveCfg = Release|Any CPU
		{3AF0C2D5-A8A5-4575-B6A8-D1253FD8787F}.AppStore|iPhoneSimulator.Build.0 = Release|Any CPU
		{3AF0C2D5-A8A5-4575-B6A8-D1253FD8787F}.AppStore|x64.ActiveCfg = Release|x64
		{3AF0C2D5-A8A5-4575-B6A8-D1253FD8787F}.AppStore|x64.Build.0 = Release|x64
		{3AF0C2D5-A8A5-4575-B6A8-D1253FD8787F}.AppStore|x86.ActiveCfg = Release|x86
		{3AF0C2D5-A8A5-4575-B6A8-D1253FD8787F}.AppStore|x86.Build.0 = Release|x86
		{3AF0C2D5-A8A5-4575-B6A8-D1253FD8787F}.Debug|Any CPU.ActiveCfg = Debug|Any CPU
		{3AF0C2D5-A8A5-4575-B6A8-D1253FD8787F}.Debug|Any CPU.Build.0 = Debug|Any CPU
		{3AF0C2D5-A8A5-4575-B6A8-D1253FD8787F}.Debug|ARM.ActiveCfg = Debug|ARM
		{3AF0C2D5-A8A5-4575-B6A8-D1253FD8787F}.Debug|ARM.Build.0 = Debug|ARM
		{3AF0C2D5-A8A5-4575-B6A8-D1253FD8787F}.Debug|iPhone.ActiveCfg = Debug|Any CPU
		{3AF0C2D5-A8A5-4575-B6A8-D1253FD8787F}.Debug|iPhone.Build.0 = Debug|Any CPU
		{3AF0C2D5-A8A5-4575-B6A8-D1253FD8787F}.Debug|iPhoneSimulator.ActiveCfg = Debug|Any CPU
		{3AF0C2D5-A8A5-4575-B6A8-D1253FD8787F}.Debug|iPhoneSimulator.Build.0 = Debug|Any CPU
		{3AF0C2D5-A8A5-4575-B6A8-D1253FD8787F}.Debug|x64.ActiveCfg = Debug|x64
		{3AF0C2D5-A8A5-4575-B6A8-D1253FD8787F}.Debug|x64.Build.0 = Debug|x64
		{3AF0C2D5-A8A5-4575-B6A8-D1253FD8787F}.Debug|x86.ActiveCfg = Debug|x86
		{3AF0C2D5-A8A5-4575-B6A8-D1253FD8787F}.Debug|x86.Build.0 = Debug|x86
		{3AF0C2D5-A8A5-4575-B6A8-D1253FD8787F}.Release|Any CPU.ActiveCfg = Release|Any CPU
		{3AF0C2D5-A8A5-4575-B6A8-D1253FD8787F}.Release|Any CPU.Build.0 = Release|Any CPU
		{3AF0C2D5-A8A5-4575-B6A8-D1253FD8787F}.Release|ARM.ActiveCfg = Release|ARM
		{3AF0C2D5-A8A5-4575-B6A8-D1253FD8787F}.Release|ARM.Build.0 = Release|ARM
		{3AF0C2D5-A8A5-4575-B6A8-D1253FD8787F}.Release|iPhone.ActiveCfg = Release|Any CPU
		{3AF0C2D5-A8A5-4575-B6A8-D1253FD8787F}.Release|iPhone.Build.0 = Release|Any CPU
		{3AF0C2D5-A8A5-4575-B6A8-D1253FD8787F}.Release|iPhoneSimulator.ActiveCfg = Release|Any CPU
		{3AF0C2D5-A8A5-4575-B6A8-D1253FD8787F}.Release|iPhoneSimulator.Build.0 = Release|Any CPU
		{3AF0C2D5-A8A5-4575-B6A8-D1253FD8787F}.Release|x64.ActiveCfg = Release|x64
		{3AF0C2D5-A8A5-4575-B6A8-D1253FD8787F}.Release|x64.Build.0 = Release|x64
		{3AF0C2D5-A8A5-4575-B6A8-D1253FD8787F}.Release|x86.ActiveCfg = Release|x86
		{3AF0C2D5-A8A5-4575-B6A8-D1253FD8787F}.Release|x86.Build.0 = Release|x86
		{6003E550-1CA5-4380-9DE4-FF6FFA583F26}.Ad-Hoc|Any CPU.ActiveCfg = Release|x64
		{6003E550-1CA5-4380-9DE4-FF6FFA583F26}.Ad-Hoc|Any CPU.Build.0 = Release|x64
		{6003E550-1CA5-4380-9DE4-FF6FFA583F26}.Ad-Hoc|Any CPU.Deploy.0 = Release|x64
		{6003E550-1CA5-4380-9DE4-FF6FFA583F26}.Ad-Hoc|ARM.ActiveCfg = Release|ARM
		{6003E550-1CA5-4380-9DE4-FF6FFA583F26}.Ad-Hoc|ARM.Build.0 = Release|ARM
		{6003E550-1CA5-4380-9DE4-FF6FFA583F26}.Ad-Hoc|ARM.Deploy.0 = Release|ARM
		{6003E550-1CA5-4380-9DE4-FF6FFA583F26}.Ad-Hoc|iPhone.ActiveCfg = Release|x64
		{6003E550-1CA5-4380-9DE4-FF6FFA583F26}.Ad-Hoc|iPhone.Build.0 = Release|x64
		{6003E550-1CA5-4380-9DE4-FF6FFA583F26}.Ad-Hoc|iPhone.Deploy.0 = Release|x64
		{6003E550-1CA5-4380-9DE4-FF6FFA583F26}.Ad-Hoc|iPhoneSimulator.ActiveCfg = Release|x64
		{6003E550-1CA5-4380-9DE4-FF6FFA583F26}.Ad-Hoc|iPhoneSimulator.Build.0 = Release|x64
		{6003E550-1CA5-4380-9DE4-FF6FFA583F26}.Ad-Hoc|iPhoneSimulator.Deploy.0 = Release|x64
		{6003E550-1CA5-4380-9DE4-FF6FFA583F26}.Ad-Hoc|x64.ActiveCfg = Release|x64
		{6003E550-1CA5-4380-9DE4-FF6FFA583F26}.Ad-Hoc|x64.Build.0 = Release|x64
		{6003E550-1CA5-4380-9DE4-FF6FFA583F26}.Ad-Hoc|x64.Deploy.0 = Release|x64
		{6003E550-1CA5-4380-9DE4-FF6FFA583F26}.Ad-Hoc|x86.ActiveCfg = Release|x86
		{6003E550-1CA5-4380-9DE4-FF6FFA583F26}.Ad-Hoc|x86.Build.0 = Release|x86
		{6003E550-1CA5-4380-9DE4-FF6FFA583F26}.Ad-Hoc|x86.Deploy.0 = Release|x86
		{6003E550-1CA5-4380-9DE4-FF6FFA583F26}.AppStore|Any CPU.ActiveCfg = Release|x64
		{6003E550-1CA5-4380-9DE4-FF6FFA583F26}.AppStore|Any CPU.Build.0 = Release|x64
		{6003E550-1CA5-4380-9DE4-FF6FFA583F26}.AppStore|Any CPU.Deploy.0 = Release|x64
		{6003E550-1CA5-4380-9DE4-FF6FFA583F26}.AppStore|ARM.ActiveCfg = Release|ARM
		{6003E550-1CA5-4380-9DE4-FF6FFA583F26}.AppStore|ARM.Build.0 = Release|ARM
		{6003E550-1CA5-4380-9DE4-FF6FFA583F26}.AppStore|ARM.Deploy.0 = Release|ARM
		{6003E550-1CA5-4380-9DE4-FF6FFA583F26}.AppStore|iPhone.ActiveCfg = Release|x64
		{6003E550-1CA5-4380-9DE4-FF6FFA583F26}.AppStore|iPhone.Build.0 = Release|x64
		{6003E550-1CA5-4380-9DE4-FF6FFA583F26}.AppStore|iPhone.Deploy.0 = Release|x64
		{6003E550-1CA5-4380-9DE4-FF6FFA583F26}.AppStore|iPhoneSimulator.ActiveCfg = Release|x64
		{6003E550-1CA5-4380-9DE4-FF6FFA583F26}.AppStore|iPhoneSimulator.Build.0 = Release|x64
		{6003E550-1CA5-4380-9DE4-FF6FFA583F26}.AppStore|iPhoneSimulator.Deploy.0 = Release|x64
		{6003E550-1CA5-4380-9DE4-FF6FFA583F26}.AppStore|x64.ActiveCfg = Release|x64
		{6003E550-1CA5-4380-9DE4-FF6FFA583F26}.AppStore|x64.Build.0 = Release|x64
		{6003E550-1CA5-4380-9DE4-FF6FFA583F26}.AppStore|x64.Deploy.0 = Release|x64
		{6003E550-1CA5-4380-9DE4-FF6FFA583F26}.AppStore|x86.ActiveCfg = Release|x86
		{6003E550-1CA5-4380-9DE4-FF6FFA583F26}.AppStore|x86.Build.0 = Release|x86
		{6003E550-1CA5-4380-9DE4-FF6FFA583F26}.AppStore|x86.Deploy.0 = Release|x86
		{6003E550-1CA5-4380-9DE4-FF6FFA583F26}.Debug|Any CPU.ActiveCfg = Debug|x86
		{6003E550-1CA5-4380-9DE4-FF6FFA583F26}.Debug|ARM.ActiveCfg = Debug|ARM
		{6003E550-1CA5-4380-9DE4-FF6FFA583F26}.Debug|ARM.Build.0 = Debug|ARM
		{6003E550-1CA5-4380-9DE4-FF6FFA583F26}.Debug|ARM.Deploy.0 = Debug|ARM
		{6003E550-1CA5-4380-9DE4-FF6FFA583F26}.Debug|iPhone.ActiveCfg = Debug|x86
		{6003E550-1CA5-4380-9DE4-FF6FFA583F26}.Debug|iPhoneSimulator.ActiveCfg = Debug|x86
		{6003E550-1CA5-4380-9DE4-FF6FFA583F26}.Debug|x64.ActiveCfg = Debug|x64
		{6003E550-1CA5-4380-9DE4-FF6FFA583F26}.Debug|x64.Build.0 = Debug|x64
		{6003E550-1CA5-4380-9DE4-FF6FFA583F26}.Debug|x64.Deploy.0 = Debug|x64
		{6003E550-1CA5-4380-9DE4-FF6FFA583F26}.Debug|x86.ActiveCfg = Debug|x86
		{6003E550-1CA5-4380-9DE4-FF6FFA583F26}.Debug|x86.Build.0 = Debug|x86
		{6003E550-1CA5-4380-9DE4-FF6FFA583F26}.Debug|x86.Deploy.0 = Debug|x86
		{6003E550-1CA5-4380-9DE4-FF6FFA583F26}.Release|Any CPU.ActiveCfg = Release|x86
		{6003E550-1CA5-4380-9DE4-FF6FFA583F26}.Release|ARM.ActiveCfg = Release|ARM
		{6003E550-1CA5-4380-9DE4-FF6FFA583F26}.Release|ARM.Build.0 = Release|ARM
		{6003E550-1CA5-4380-9DE4-FF6FFA583F26}.Release|ARM.Deploy.0 = Release|ARM
		{6003E550-1CA5-4380-9DE4-FF6FFA583F26}.Release|iPhone.ActiveCfg = Release|x86
		{6003E550-1CA5-4380-9DE4-FF6FFA583F26}.Release|iPhoneSimulator.ActiveCfg = Release|x86
		{6003E550-1CA5-4380-9DE4-FF6FFA583F26}.Release|x64.ActiveCfg = Release|x64
		{6003E550-1CA5-4380-9DE4-FF6FFA583F26}.Release|x64.Build.0 = Release|x64
		{6003E550-1CA5-4380-9DE4-FF6FFA583F26}.Release|x64.Deploy.0 = Release|x64
		{6003E550-1CA5-4380-9DE4-FF6FFA583F26}.Release|x86.ActiveCfg = Release|x86
		{6003E550-1CA5-4380-9DE4-FF6FFA583F26}.Release|x86.Build.0 = Release|x86
		{6003E550-1CA5-4380-9DE4-FF6FFA583F26}.Release|x86.Deploy.0 = Release|x86
		{0343A641-B6DB-4051-B49B-7FB4CB36568F}.Ad-Hoc|Any CPU.ActiveCfg = Release|x86
		{0343A641-B6DB-4051-B49B-7FB4CB36568F}.Ad-Hoc|Any CPU.Build.0 = Release|x86
		{0343A641-B6DB-4051-B49B-7FB4CB36568F}.Ad-Hoc|ARM.ActiveCfg = Release|x86
		{0343A641-B6DB-4051-B49B-7FB4CB36568F}.Ad-Hoc|ARM.Build.0 = Release|x86
		{0343A641-B6DB-4051-B49B-7FB4CB36568F}.Ad-Hoc|iPhone.ActiveCfg = Release|x86
		{0343A641-B6DB-4051-B49B-7FB4CB36568F}.Ad-Hoc|iPhone.Build.0 = Release|x86
		{0343A641-B6DB-4051-B49B-7FB4CB36568F}.Ad-Hoc|iPhoneSimulator.ActiveCfg = Release|x86
		{0343A641-B6DB-4051-B49B-7FB4CB36568F}.Ad-Hoc|iPhoneSimulator.Build.0 = Release|x86
		{0343A641-B6DB-4051-B49B-7FB4CB36568F}.Ad-Hoc|x64.ActiveCfg = Release|x86
		{0343A641-B6DB-4051-B49B-7FB4CB36568F}.Ad-Hoc|x64.Build.0 = Release|x86
		{0343A641-B6DB-4051-B49B-7FB4CB36568F}.Ad-Hoc|x86.ActiveCfg = Release|x86
		{0343A641-B6DB-4051-B49B-7FB4CB36568F}.Ad-Hoc|x86.Build.0 = Release|x86
		{0343A641-B6DB-4051-B49B-7FB4CB36568F}.AppStore|Any CPU.ActiveCfg = Release|x86
		{0343A641-B6DB-4051-B49B-7FB4CB36568F}.AppStore|Any CPU.Build.0 = Release|x86
		{0343A641-B6DB-4051-B49B-7FB4CB36568F}.AppStore|ARM.ActiveCfg = Release|x86
		{0343A641-B6DB-4051-B49B-7FB4CB36568F}.AppStore|ARM.Build.0 = Release|x86
		{0343A641-B6DB-4051-B49B-7FB4CB36568F}.AppStore|iPhone.ActiveCfg = Release|x86
		{0343A641-B6DB-4051-B49B-7FB4CB36568F}.AppStore|iPhone.Build.0 = Release|x86
		{0343A641-B6DB-4051-B49B-7FB4CB36568F}.AppStore|iPhoneSimulator.ActiveCfg = Release|x86
		{0343A641-B6DB-4051-B49B-7FB4CB36568F}.AppStore|iPhoneSimulator.Build.0 = Release|x86
		{0343A641-B6DB-4051-B49B-7FB4CB36568F}.AppStore|x64.ActiveCfg = Release|x86
		{0343A641-B6DB-4051-B49B-7FB4CB36568F}.AppStore|x64.Build.0 = Release|x86
		{0343A641-B6DB-4051-B49B-7FB4CB36568F}.AppStore|x86.ActiveCfg = Release|x86
		{0343A641-B6DB-4051-B49B-7FB4CB36568F}.AppStore|x86.Build.0 = Release|x86
		{0343A641-B6DB-4051-B49B-7FB4CB36568F}.Debug|Any CPU.ActiveCfg = Debug|x86
		{0343A641-B6DB-4051-B49B-7FB4CB36568F}.Debug|ARM.ActiveCfg = Debug|x86
		{0343A641-B6DB-4051-B49B-7FB4CB36568F}.Debug|iPhone.ActiveCfg = Debug|x86
		{0343A641-B6DB-4051-B49B-7FB4CB36568F}.Debug|iPhoneSimulator.ActiveCfg = Debug|x86
		{0343A641-B6DB-4051-B49B-7FB4CB36568F}.Debug|x64.ActiveCfg = Debug|x86
		{0343A641-B6DB-4051-B49B-7FB4CB36568F}.Debug|x86.ActiveCfg = Debug|x86
		{0343A641-B6DB-4051-B49B-7FB4CB36568F}.Debug|x86.Build.0 = Debug|x86
		{0343A641-B6DB-4051-B49B-7FB4CB36568F}.Release|Any CPU.ActiveCfg = Release|x86
		{0343A641-B6DB-4051-B49B-7FB4CB36568F}.Release|ARM.ActiveCfg = Release|x86
		{0343A641-B6DB-4051-B49B-7FB4CB36568F}.Release|iPhone.ActiveCfg = Release|x86
		{0343A641-B6DB-4051-B49B-7FB4CB36568F}.Release|iPhoneSimulator.ActiveCfg = Release|x86
		{0343A641-B6DB-4051-B49B-7FB4CB36568F}.Release|x64.ActiveCfg = Release|x86
		{0343A641-B6DB-4051-B49B-7FB4CB36568F}.Release|x86.ActiveCfg = Release|x86
		{0343A641-B6DB-4051-B49B-7FB4CB36568F}.Release|x86.Build.0 = Release|x86
		{E284163C-3CC5-40FC-A660-4AC566FFD7E8}.Ad-Hoc|Any CPU.ActiveCfg = Release|Any CPU
		{E284163C-3CC5-40FC-A660-4AC566FFD7E8}.Ad-Hoc|Any CPU.Build.0 = Release|Any CPU
		{E284163C-3CC5-40FC-A660-4AC566FFD7E8}.Ad-Hoc|ARM.ActiveCfg = Release|Any CPU
		{E284163C-3CC5-40FC-A660-4AC566FFD7E8}.Ad-Hoc|ARM.Build.0 = Release|Any CPU
		{E284163C-3CC5-40FC-A660-4AC566FFD7E8}.Ad-Hoc|iPhone.ActiveCfg = Release|Any CPU
		{E284163C-3CC5-40FC-A660-4AC566FFD7E8}.Ad-Hoc|iPhone.Build.0 = Release|Any CPU
		{E284163C-3CC5-40FC-A660-4AC566FFD7E8}.Ad-Hoc|iPhoneSimulator.ActiveCfg = Release|Any CPU
		{E284163C-3CC5-40FC-A660-4AC566FFD7E8}.Ad-Hoc|iPhoneSimulator.Build.0 = Release|Any CPU
		{E284163C-3CC5-40FC-A660-4AC566FFD7E8}.Ad-Hoc|x64.ActiveCfg = Release|Any CPU
		{E284163C-3CC5-40FC-A660-4AC566FFD7E8}.Ad-Hoc|x64.Build.0 = Release|Any CPU
		{E284163C-3CC5-40FC-A660-4AC566FFD7E8}.Ad-Hoc|x86.ActiveCfg = Release|Any CPU
		{E284163C-3CC5-40FC-A660-4AC566FFD7E8}.Ad-Hoc|x86.Build.0 = Release|Any CPU
		{E284163C-3CC5-40FC-A660-4AC566FFD7E8}.AppStore|Any CPU.ActiveCfg = Release|Any CPU
		{E284163C-3CC5-40FC-A660-4AC566FFD7E8}.AppStore|Any CPU.Build.0 = Release|Any CPU
		{E284163C-3CC5-40FC-A660-4AC566FFD7E8}.AppStore|ARM.ActiveCfg = Release|Any CPU
		{E284163C-3CC5-40FC-A660-4AC566FFD7E8}.AppStore|ARM.Build.0 = Release|Any CPU
		{E284163C-3CC5-40FC-A660-4AC566FFD7E8}.AppStore|iPhone.ActiveCfg = Release|Any CPU
		{E284163C-3CC5-40FC-A660-4AC566FFD7E8}.AppStore|iPhone.Build.0 = Release|Any CPU
		{E284163C-3CC5-40FC-A660-4AC566FFD7E8}.AppStore|iPhoneSimulator.ActiveCfg = Release|Any CPU
		{E284163C-3CC5-40FC-A660-4AC566FFD7E8}.AppStore|iPhoneSimulator.Build.0 = Release|Any CPU
		{E284163C-3CC5-40FC-A660-4AC566FFD7E8}.AppStore|x64.ActiveCfg = Release|Any CPU
		{E284163C-3CC5-40FC-A660-4AC566FFD7E8}.AppStore|x64.Build.0 = Release|Any CPU
		{E284163C-3CC5-40FC-A660-4AC566FFD7E8}.AppStore|x86.ActiveCfg = Release|Any CPU
		{E284163C-3CC5-40FC-A660-4AC566FFD7E8}.AppStore|x86.Build.0 = Release|Any CPU
		{E284163C-3CC5-40FC-A660-4AC566FFD7E8}.Debug|Any CPU.ActiveCfg = Debug|Any CPU
		{E284163C-3CC5-40FC-A660-4AC566FFD7E8}.Debug|Any CPU.Build.0 = Debug|Any CPU
		{E284163C-3CC5-40FC-A660-4AC566FFD7E8}.Debug|ARM.ActiveCfg = Debug|Any CPU
		{E284163C-3CC5-40FC-A660-4AC566FFD7E8}.Debug|ARM.Build.0 = Debug|Any CPU
		{E284163C-3CC5-40FC-A660-4AC566FFD7E8}.Debug|iPhone.ActiveCfg = Debug|Any CPU
		{E284163C-3CC5-40FC-A660-4AC566FFD7E8}.Debug|iPhone.Build.0 = Debug|Any CPU
		{E284163C-3CC5-40FC-A660-4AC566FFD7E8}.Debug|iPhoneSimulator.ActiveCfg = Debug|Any CPU
		{E284163C-3CC5-40FC-A660-4AC566FFD7E8}.Debug|iPhoneSimulator.Build.0 = Debug|Any CPU
		{E284163C-3CC5-40FC-A660-4AC566FFD7E8}.Debug|x64.ActiveCfg = Debug|Any CPU
		{E284163C-3CC5-40FC-A660-4AC566FFD7E8}.Debug|x64.Build.0 = Debug|Any CPU
		{E284163C-3CC5-40FC-A660-4AC566FFD7E8}.Debug|x86.ActiveCfg = Debug|Any CPU
		{E284163C-3CC5-40FC-A660-4AC566FFD7E8}.Debug|x86.Build.0 = Debug|Any CPU
		{E284163C-3CC5-40FC-A660-4AC566FFD7E8}.Release|Any CPU.ActiveCfg = Release|Any CPU
		{E284163C-3CC5-40FC-A660-4AC566FFD7E8}.Release|Any CPU.Build.0 = Release|Any CPU
		{E284163C-3CC5-40FC-A660-4AC566FFD7E8}.Release|ARM.ActiveCfg = Release|Any CPU
		{E284163C-3CC5-40FC-A660-4AC566FFD7E8}.Release|ARM.Build.0 = Release|Any CPU
		{E284163C-3CC5-40FC-A660-4AC566FFD7E8}.Release|iPhone.ActiveCfg = Release|Any CPU
		{E284163C-3CC5-40FC-A660-4AC566FFD7E8}.Release|iPhone.Build.0 = Release|Any CPU
		{E284163C-3CC5-40FC-A660-4AC566FFD7E8}.Release|iPhoneSimulator.ActiveCfg = Release|Any CPU
		{E284163C-3CC5-40FC-A660-4AC566FFD7E8}.Release|iPhoneSimulator.Build.0 = Release|Any CPU
		{E284163C-3CC5-40FC-A660-4AC566FFD7E8}.Release|x64.ActiveCfg = Release|Any CPU
		{E284163C-3CC5-40FC-A660-4AC566FFD7E8}.Release|x64.Build.0 = Release|Any CPU
		{E284163C-3CC5-40FC-A660-4AC566FFD7E8}.Release|x86.ActiveCfg = Release|Any CPU
		{E284163C-3CC5-40FC-A660-4AC566FFD7E8}.Release|x86.Build.0 = Release|Any CPU
	EndGlobalSection
	GlobalSection(SolutionProperties) = preSolution
		HideSolutionNode = FALSE
	EndGlobalSection
	GlobalSection(NestedProjects) = preSolution
		{5D7A3C49-8B5C-45FD-8F96-BFDB13CA9328} = {778E2587-8C58-49FF-B6F0-F9201F5F22FC}
		{74503677-D755-47D7-A56C-4FC7C6FA1F7D} = {1A918918-74FD-45DF-BC4D-61C8ECE6268C}
		{987B8746-B2A9-4A84-BBA5-482FFCC6399E} = {1A918918-74FD-45DF-BC4D-61C8ECE6268C}
		{B9A9C91A-8266-4738-8C54-D4B3955E5DF8} = {1A918918-74FD-45DF-BC4D-61C8ECE6268C}
		{8DF3CF78-57C9-4A80-9FC5-249466573267} = {6A3B1089-E0CE-448C-B56E-9F9339617D2E}
		{1D971911-3C12-461D-8B96-C4E631EC1B7C} = {0AC338D8-7A69-4230-9F4F-2E9D3358E16D}
		{E9A9DCFF-5B62-4F12-ABC7-148E384FF805} = {0AC338D8-7A69-4230-9F4F-2E9D3358E16D}
		{DD5C9C3C-23AA-4DE7-BA5D-A89967826E4B} = {1A918918-74FD-45DF-BC4D-61C8ECE6268C}
		{0785AECE-5C70-4891-86D1-E76D9DC55661} = {778E2587-8C58-49FF-B6F0-F9201F5F22FC}
		{ABAA0062-BCF8-456B-A70F-8D2D52C785E7} = {778E2587-8C58-49FF-B6F0-F9201F5F22FC}
		{B6FAAEC5-979F-4C0A-9AD1-FE5BEE8C9300} = {778E2587-8C58-49FF-B6F0-F9201F5F22FC}
		{A5F23BC9-B134-4F85-B08C-264DC2F56C04} = {6A3B1089-E0CE-448C-B56E-9F9339617D2E}
		{AF5A4C80-986F-4F03-AD75-9E8AAF0C5486} = {6A3B1089-E0CE-448C-B56E-9F9339617D2E}
		{3AF0C2D5-A8A5-4575-B6A8-D1253FD8787F} = {6A3B1089-E0CE-448C-B56E-9F9339617D2E}
		{6003E550-1CA5-4380-9DE4-FF6FFA583F26} = {778E2587-8C58-49FF-B6F0-F9201F5F22FC}
		{0343A641-B6DB-4051-B49B-7FB4CB36568F} = {6A3B1089-E0CE-448C-B56E-9F9339617D2E}
		{E284163C-3CC5-40FC-A660-4AC566FFD7E8} = {778E2587-8C58-49FF-B6F0-F9201F5F22FC}
	EndGlobalSection
EndGlobal
